// !$*UTF8*$!
{
	archiveVersion = 1;
	classes = {
	};
	objectVersion = 77;
	objects = {

/* Begin PBXBuildFile section */
		B11D00010000000000000001 /* PageHeader.swift in Sources */ = {isa = PBXBuildFile; fileRef = F11E00010000000000000001 /* PageHeader.swift */; };
		B11D00020000000000000002 /* SystemOverviewCard.swift in Sources */ = {isa = PBXBuildFile; fileRef = F11E00020000000000000002 /* SystemOverviewCard.swift */; };
		B11D00030000000000000003 /* TotalItemsCard.swift in Sources */ = {isa = PBXBuildFile; fileRef = F11E00030000000000000003 /* TotalItemsCard.swift */; };
		B11D00040000000000000004 /* ProcessesCard.swift in Sources */ = {isa = PBXBuildFile; fileRef = F11E00040000000000000004 /* ProcessesCard.swift */; };
		B11D00050000000000000005 /* RecentItemsCard.swift in Sources */ = {isa = PBXBuildFile; fileRef = F11E00050000000000000005 /* RecentItemsCard.swift */; };
		017C9058BCE2C98C6AC5DF74 /* TableColumnConfig.swift in Sources */ = {isa = PBXBuildFile; fileRef = E2D3070E554DC7FCE010D1F8 /* TableColumnConfig.swift */; };
		01DF8E8771BF6034C967404B /* GRDB in Frameworks */ = {isa = PBXBuildFile; productRef = 903562DCF264653ECAE50131 /* GRDB */; };
		0202E2E7B812FA431F32FE05 /* DataTransferService.swift in Sources */ = {isa = PBXBuildFile; fileRef = 99669146D557313E880D4D0D /* DataTransferService.swift */; };
		02C75DC1D4C28471EF6F9FCE /* ItemRepository.swift in Sources */ = {isa = PBXBuildFile; fileRef = BA6E101DB8D799FFCD06DD05 /* ItemRepository.swift */; };
		02E2BF9626A5A82CD50BE518 /* DynamicTable.swift in Sources */ = {isa = PBXBuildFile; fileRef = 3D812DC5E19FC8A97F17CA24 /* DynamicTable.swift */; };
		0413235F9B06B4FA26AACB62 /* Typography.swift in Sources */ = {isa = PBXBuildFile; fileRef = 55053E0F99CD969597685A21 /* Typography.swift */; };
		05A0142540D8758D3F22851E /* Shadows.swift in Sources */ = {isa = PBXBuildFile; fileRef = A2514F6BA30DF89BF44B4709 /* Shadows.swift */; };
		05EBFAFB6AE69F4D57BD3909 /* DateExtensions.swift in Sources */ = {isa = PBXBuildFile; fileRef = B02E6EA0926A55CBEC988AB5 /* DateExtensions.swift */; };
		07410D85B842221728B5FD4D /* RecentActivityView.swift in Sources */ = {isa = PBXBuildFile; fileRef = 94F0C83CCC8F942178C86EEF /* RecentActivityView.swift */; };
		0822339426F745511BE8260E /* ItemDetailViewModel.swift in Sources */ = {isa = PBXBuildFile; fileRef = 51AA1C359AE9845DFDA17FAF /* ItemDetailViewModel.swift */; };
		083B4793D669F701486A2BEE /* AppCard.swift in Sources */ = {isa = PBXBuildFile; fileRef = A8D493834C7333FC98BE2BC7 /* AppCard.swift */; };
		089556BBEAA75A096EB2B8E1 /* DashboardView.swift in Sources */ = {isa = PBXBuildFile; fileRef = 2B8707D581824402765207D8 /* DashboardView.swift */; };
		0C3FE3783F03EC4B700E1553 /* AppEnvironment.swift in Sources */ = {isa = PBXBuildFile; fileRef = 28A02FE6B67657605ADAD26F /* AppEnvironment.swift */; };
		0E724C12A3F9C493BD42B0FE /* SettingsViewModel.swift in Sources */ = {isa = PBXBuildFile; fileRef = DEA8579511B48C796E5E902E /* SettingsViewModel.swift */; };
		0E7BA805BE8E8D1E46D6F8B2 /* AppTable.swift in Sources */ = {isa = PBXBuildFile; fileRef = 0B726007390FDF9A89352281 /* AppTable.swift */; };
		0E9B17D75C5E17369F99F92C /* Spacing.swift in Sources */ = {isa = PBXBuildFile; fileRef = D52CC5562492C7A6E50EE72E /* Spacing.swift */; };
		0F5C05A06546DD42318EA9E8 /* ImportMappingView.swift in Sources */ = {isa = PBXBuildFile; fileRef = 00B040FC4D6B15340899AE24 /* ImportMappingView.swift */; };
		10AD83B642B768307C624689 /* PurchasesListView.swift in Sources */ = {isa = PBXBuildFile; fileRef = EEAF74623200B08C425FD211 /* PurchasesListView.swift */; };
		10C90862B78AABB97065DCA8 /* DashboardConfigurationView.swift in Sources */ = {isa = PBXBuildFile; fileRef = 58012BBCA614F2AFBC45CBC2 /* DashboardConfigurationView.swift */; };
		132222036024150F5F7A4813 /* ItemDetailView.swift in Sources */ = {isa = PBXBuildFile; fileRef = 57D74F8BC02C93EBABB8EB96 /* ItemDetailView.swift */; };
		136766FCC5F18185B0737473 /* AppEntry.swift in Sources */ = {isa = PBXBuildFile; fileRef = 0DBC739C29ABDC2138C1CC2F /* AppEntry.swift */; };
		1562910061247450D5012519 /* SettingsViewModel.swift in Sources */ = {isa = PBXBuildFile; fileRef = DEA8579511B48C796E5E902E /* SettingsViewModel.swift */; };
		15A6FF850D7060038245C372 /* CustomFieldManagementView.swift in Sources */ = {isa = PBXBuildFile; fileRef = 88F465BF454030A9E8BAE0B6 /* CustomFieldManagementView.swift */; };
		176E20B9BD3F0027DD0DF0ED /* ColumnConfigRepository.swift in Sources */ = {isa = PBXBuildFile; fileRef = 7843B8E46FBEEFB4641C9901 /* ColumnConfigRepository.swift */; };
		1B5B534EFA402D37931DFF86 /* ModelExtensions.swift in Sources */ = {isa = PBXBuildFile; fileRef = A32DDCE644CA05C6CC4A12A3 /* ModelExtensions.swift */; };
		1E42BD09F047A68A90A40599 /* AppCard.swift in Sources */ = {isa = PBXBuildFile; fileRef = A8D493834C7333FC98BE2BC7 /* AppCard.swift */; };
		20BA9EE9BFE25BC128542DAC /* AppScreenContainer.swift in Sources */ = {isa = PBXBuildFile; fileRef = 8D313F966B93EDCE34C7B7C1 /* AppScreenContainer.swift */; };
		20EFA03A01F731C99461E599 /* PurchasesViewModel.swift in Sources */ = {isa = PBXBuildFile; fileRef = E6FBCFF8A2C3D75F58CCE485 /* PurchasesViewModel.swift */; };
		22B70C16BCD04BFA16040392 /* CategoryRepository.swift in Sources */ = {isa = PBXBuildFile; fileRef = B32C90F7610C2F0EA1792182 /* CategoryRepository.swift */; };
		2522695EB7CF5B47B3A5F9AD /* AppToggle.swift in Sources */ = {isa = PBXBuildFile; fileRef = F5621E2EF1EEF0D2CA79F403 /* AppToggle.swift */; };
		2A46653B28777C18BAED890F /* PurchasesListView.swift in Sources */ = {isa = PBXBuildFile; fileRef = EEAF74623200B08C425FD211 /* PurchasesListView.swift */; };
		2C75E78B0FE5B06EF49CE9A2 /* Typography.swift in Sources */ = {isa = PBXBuildFile; fileRef = 55053E0F99CD969597685A21 /* Typography.swift */; };
		2FB97DDA72008BC6CEB21F25 /* ImportMappingService.swift in Sources */ = {isa = PBXBuildFile; fileRef = 667B2848D60C53D8B029CD3C /* ImportMappingService.swift */; };
		2FCEE2A39335AE658FA8F495 /* ThemeConfigurator.swift in Sources */ = {isa = PBXBuildFile; fileRef = A7F4ECF3219F4F7B8C641728 /* ThemeConfigurator.swift */; };
		3157BA6C65454D9370BDAB27 /* Spacing.swift in Sources */ = {isa = PBXBuildFile; fileRef = D52CC5562492C7A6E50EE72E /* Spacing.swift */; };
		317255142DFA4C7DAEE20823 /* SalesListView.swift in Sources */ = {isa = PBXBuildFile; fileRef = 011B08A34D65D017CB3FFCA4 /* SalesListView.swift */; };
		34E14C4D6C7E0064828414E3 /* ExportService.swift in Sources */ = {isa = PBXBuildFile; fileRef = A066363D7519C3FC6AB51CCB /* ExportService.swift */; };
		37FAFD4873F38E53DF452905 /* AppSidebarItem.swift in Sources */ = {isa = PBXBuildFile; fileRef = 9EF2510A2459614E17089C97 /* AppSidebarItem.swift */; };
		3A56BB133A754EF0D2343FA3 /* DashboardViewModel.swift in Sources */ = {isa = PBXBuildFile; fileRef = 9FD131AA3F44A5634F4F3D81 /* DashboardViewModel.swift */; };
		3ACE87D1946DCCF3AC535A55 /* Sale.swift in Sources */ = {isa = PBXBuildFile; fileRef = 93770E26B2B2DA7975643019 /* Sale.swift */; };
		3B410696351A811B358E0796 /* CornerRadius.swift in Sources */ = {isa = PBXBuildFile; fileRef = 3F5853E9F1BF1D0872C9CA9B /* CornerRadius.swift */; };
		3F12F1189F35E81DD4F129B0 /* ContentView.swift in Sources */ = {isa = PBXBuildFile; fileRef = 1DC5B79E87326F871CA78983 /* ContentView.swift */; };
		3FD1F85030FFE4FF1B91658F /* SalesRepository.swift in Sources */ = {isa = PBXBuildFile; fileRef = 130CB91241DB83238C9A606D /* SalesRepository.swift */; };
		42CA006527F8E56B0AB51B7D /* Category.swift in Sources */ = {isa = PBXBuildFile; fileRef = BA774F79222F543CDE2E556C /* Category.swift */; };
		42DD2FB8668C8A310E02BB85 /* DatabaseManager.swift in Sources */ = {isa = PBXBuildFile; fileRef = 4458E334C02128695F8DD2D1 /* DatabaseManager.swift */; };
		43051A22E0D85D4A2C9A640D /* SettingsView.swift in Sources */ = {isa = PBXBuildFile; fileRef = 507413FAB0E8BF9779249149 /* SettingsView.swift */; };
		437FDDC3BEAF5DD6AFC10FC9 /* ResultExtensions.swift in Sources */ = {isa = PBXBuildFile; fileRef = B2F6DC52F3188E8095325E95 /* ResultExtensions.swift */; };
		448D34A4E8FCB151497C6493 /* CategoryRepository.swift in Sources */ = {isa = PBXBuildFile; fileRef = B32C90F7610C2F0EA1792182 /* CategoryRepository.swift */; };
		44D8E4759F59721E88995C8D /* DashboardWidget.swift in Sources */ = {isa = PBXBuildFile; fileRef = 1DC31233DE387CBB102BB52D /* DashboardWidget.swift */; };
		463C2EB8E075A1887F4DCF2A /* CustomFieldDefinition.swift in Sources */ = {isa = PBXBuildFile; fileRef = 0E429CB6F2F7C1BBEC08FA8B /* CustomFieldDefinition.swift */; };
		4706747940FE55BCE5CBA388 /* DashboardConfigRepository.swift in Sources */ = {isa = PBXBuildFile; fileRef = D7D022B4E5864577205EF35C /* DashboardConfigRepository.swift */; };
		47B92F7E485A12F462D19F4D /* Assets.xcassets in Resources */ = {isa = PBXBuildFile; fileRef = 793A5B1C81CBAB85FF287712 /* Assets.xcassets */; };
		53CBC91BD52726A62A73CA13 /* CustomFieldRepository.swift in Sources */ = {isa = PBXBuildFile; fileRef = 933829785D734D295BF39C73 /* CustomFieldRepository.swift */; };
		54024F716DDE9A4B37217FA8 /* PurchasesViewModel.swift in Sources */ = {isa = PBXBuildFile; fileRef = E6FBCFF8A2C3D75F58CCE485 /* PurchasesViewModel.swift */; };
		548A4ADC96D5793064AA8487 /* GRDB in Frameworks */ = {isa = PBXBuildFile; productRef = 02C189662C4EA59D292AAE34 /* GRDB */; };
		54E126B4896BCABB6E8B4308 /* ImportMappingView.swift in Sources */ = {isa = PBXBuildFile; fileRef = 00B040FC4D6B15340899AE24 /* ImportMappingView.swift */; };
		55F0C2EBA599BF1BBAA2D0A5 /* ItemDetailView.swift in Sources */ = {isa = PBXBuildFile; fileRef = 57D74F8BC02C93EBABB8EB96 /* ItemDetailView.swift */; };
		567D39FCB683FA377A49C30E /* ImageAttachment.swift in Sources */ = {isa = PBXBuildFile; fileRef = 703008592BF5E022EA87D4E4 /* ImageAttachment.swift */; };
		57EC3E75B2E2288612BFB0B4 /* BrandRepository.swift in Sources */ = {isa = PBXBuildFile; fileRef = 7685BE3CBF86BAEAF1DB45B0 /* BrandRepository.swift */; };
		581716C0B8D1A041DD647905 /* UserPreferencesRepository.swift in Sources */ = {isa = PBXBuildFile; fileRef = FBAA8FA65FB9C424E6E1EDEB /* UserPreferencesRepository.swift */; };
		597F0F69FF90B9C88693D951 /* StockAlertsView.swift in Sources */ = {isa = PBXBuildFile; fileRef = 384FD40ACBECBB2E6F121BBB /* StockAlertsView.swift */; };
		59CF743FE4E7E49BE9276477 /* CustomFieldRepository.swift in Sources */ = {isa = PBXBuildFile; fileRef = 933829785D734D295BF39C73 /* CustomFieldRepository.swift */; };
		5B83BFE8CE65F0969A080819 /* PurchaseRepository.swift in Sources */ = {isa = PBXBuildFile; fileRef = BA840AE7E94CFD3888CAC5A0 /* PurchaseRepository.swift */; };
		5BE5DD70091C716786C87388 /* Purchase.swift in Sources */ = {isa = PBXBuildFile; fileRef = 88F9A94869F805A6B6C10F46 /* Purchase.swift */; };
		5C1B27B950B0B16E4FAC22B2 /* ColumnConfigurationView.swift in Sources */ = {isa = PBXBuildFile; fileRef = E5F7BA9BFB46C0DC76B75CF2 /* ColumnConfigurationView.swift */; };
		5D489CCD79B31F8128F34086 /* DateExtensions.swift in Sources */ = {isa = PBXBuildFile; fileRef = B02E6EA0926A55CBEC988AB5 /* DateExtensions.swift */; };
		5D73C710A1DB3F405C997155 /* AppButton.swift in Sources */ = {isa = PBXBuildFile; fileRef = D8BD4F1D488567322DDF5698 /* AppButton.swift */; };
		60C09D89A7EDD41AE41B1DDA /* DashboardConfigurationView.swift in Sources */ = {isa = PBXBuildFile; fileRef = 58012BBCA614F2AFBC45CBC2 /* DashboardConfigurationView.swift */; };
		61C3137186A157C6E9553DB1 /* Item.swift in Sources */ = {isa = PBXBuildFile; fileRef = E46AC189D981F36230546D23 /* Item.swift */; };
		633379045A8820BC3AD0AA8D /* ResultExtensions.swift in Sources */ = {isa = PBXBuildFile; fileRef = B2F6DC52F3188E8095325E95 /* ResultExtensions.swift */; };
		652955B7D05159CD80E35A15 /* AppSearchField.swift in Sources */ = {isa = PBXBuildFile; fileRef = F7FC12990BBA372C4CCCE1EC /* AppSearchField.swift */; };
		680B76CC98EEA836D2E7C266 /* AppSidebarContainer.swift in Sources */ = {isa = PBXBuildFile; fileRef = 7E08E776645A4311F64E3288 /* AppSidebarContainer.swift */; };
		6837B4F706DE3D82D9FD72F1 /* ImageAttachment.swift in Sources */ = {isa = PBXBuildFile; fileRef = 703008592BF5E022EA87D4E4 /* ImageAttachment.swift */; };
		685F26A8BA3E8A6EE748BE52 /* ImportProfile.swift in Sources */ = {isa = PBXBuildFile; fileRef = F87521AFE6A1657599BD9C32 /* ImportProfile.swift */; };
		6A3D1BF452AE8CCA4995BD8E /* ItemDetailViewModel.swift in Sources */ = {isa = PBXBuildFile; fileRef = 51AA1C359AE9845DFDA17FAF /* ItemDetailViewModel.swift */; };
		6B68805A5CE42E3CD88D54B7 /* Brand.swift in Sources */ = {isa = PBXBuildFile; fileRef = D17FE1A64C589E013CA43CBD /* Brand.swift */; };
		6BA648E445F155ABE785E303 /* ImportProfile.swift in Sources */ = {isa = PBXBuildFile; fileRef = F87521AFE6A1657599BD9C32 /* ImportProfile.swift */; };
		6DBAC84224C285CF8D39D793 /* AppSearchField.swift in Sources */ = {isa = PBXBuildFile; fileRef = F7FC12990BBA372C4CCCE1EC /* AppSearchField.swift */; };
		706073A39DF1AAFDB25BC20D /* CustomFieldValue.swift in Sources */ = {isa = PBXBuildFile; fileRef = 1758AB850C821C19CABD80E7 /* CustomFieldValue.swift */; };
		70F6558D9F73700B7C93BB28 /* MainShellView_iOS.swift in Sources */ = {isa = PBXBuildFile; fileRef = 9D68D94544F38603A0887F8A /* MainShellView_iOS.swift */; };
		711DBC8FF6F09E862A8876DC /* ImageRepository.swift in Sources */ = {isa = PBXBuildFile; fileRef = 5EA795BD6CA7724D79A7DFC6 /* ImageRepository.swift */; };
		7389429C11056818BB5748EC /* ColorPalette.swift in Sources */ = {isa = PBXBuildFile; fileRef = 20898D87D97CCAF7B2CA7C8D /* ColorPalette.swift */; };
		743DACAB51EA532E7335DA0A /* SalesRepository.swift in Sources */ = {isa = PBXBuildFile; fileRef = 130CB91241DB83238C9A606D /* SalesRepository.swift */; };
		7650331493A3BB37EEE1ACEB /* SettingsView.swift in Sources */ = {isa = PBXBuildFile; fileRef = 507413FAB0E8BF9779249149 /* SettingsView.swift */; };
		7A1CBB80306ACEA162E3C095 /* TableColumnConfig.swift in Sources */ = {isa = PBXBuildFile; fileRef = E2D3070E554DC7FCE010D1F8 /* TableColumnConfig.swift */; };
		7A1F159F93EF64BC2A9098BB /* DashboardView.swift in Sources */ = {isa = PBXBuildFile; fileRef = 2B8707D581824402765207D8 /* DashboardView.swift */; };
		7AF38831E75588F64A52E343 /* InventoryViewModel.swift in Sources */ = {isa = PBXBuildFile; fileRef = FB2BE8BEBE439F2DAD03D46F /* InventoryViewModel.swift */; };
		7E340DD57413B5EB1755E779 /* AppDropdown.swift in Sources */ = {isa = PBXBuildFile; fileRef = A292AA5AA87349A40B2FADC8 /* AppDropdown.swift */; };
		7F064D849C89461E28EFC6A6 /* AppSidebarItem.swift in Sources */ = {isa = PBXBuildFile; fileRef = 9EF2510A2459614E17089C97 /* AppSidebarItem.swift */; };
		7F3AD261824A604E49B497F4 /* Theme.swift in Sources */ = {isa = PBXBuildFile; fileRef = 7C739F1D3556DAEA733325D2 /* Theme.swift */; };
		7FC4FCD678CD460873F39AA5 /* StockAlertsView.swift in Sources */ = {isa = PBXBuildFile; fileRef = 384FD40ACBECBB2E6F121BBB /* StockAlertsView.swift */; };
		7FD13523566769F2E15CF82A /* Enums.swift in Sources */ = {isa = PBXBuildFile; fileRef = 72E237202FA205F2954290C5 /* Enums.swift */; };
		85555C3B9AE6FE6AD0492DB7 /* PurchaseRepository.swift in Sources */ = {isa = PBXBuildFile; fileRef = BA840AE7E94CFD3888CAC5A0 /* PurchaseRepository.swift */; };
		8561219638AE5F6B5B92D468 /* InventoryView.swift in Sources */ = {isa = PBXBuildFile; fileRef = 71AB640845B2AA0A52B75CB8 /* InventoryView.swift */; };
		85CDA29445301E55F4F00F74 /* SalesViewModel.swift in Sources */ = {isa = PBXBuildFile; fileRef = 008C2C713875288B7D33C64D /* SalesViewModel.swift */; };
		867EF02D2CF1948DC5D684A2 /* ColumnConfigService.swift in Sources */ = {isa = PBXBuildFile; fileRef = 7E6896F2B6A9C1A73D57FCFB /* ColumnConfigService.swift */; };
		86C9535DA6EDCBDBB87F8358 /* DashboardConfigRepository.swift in Sources */ = {isa = PBXBuildFile; fileRef = D7D022B4E5864577205EF35C /* DashboardConfigRepository.swift */; };
		88C0FB91B48BCFA032A8AE60 /* ColumnConfigurationView.swift in Sources */ = {isa = PBXBuildFile; fileRef = E5F7BA9BFB46C0DC76B75CF2 /* ColumnConfigurationView.swift */; };
		88E7B1E75A063FDC07353273 /* AppTable.swift in Sources */ = {isa = PBXBuildFile; fileRef = 0B726007390FDF9A89352281 /* AppTable.swift */; };
		89B417BD35A47AAF8855DBC5 /* AnalyticsService.swift in Sources */ = {isa = PBXBuildFile; fileRef = 6F5EEC88869A9E3EE915E690 /* AnalyticsService.swift */; };
		8A38F43306823033A975EBEC /* AnalyticsView.swift in Sources */ = {isa = PBXBuildFile; fileRef = 318FD74B7889F32CF26880D3 /* AnalyticsView.swift */; };
		8A52658AC4CA55E21B147F7C /* Shadows.swift in Sources */ = {isa = PBXBuildFile; fileRef = A2514F6BA30DF89BF44B4709 /* Shadows.swift */; };
		8AEFE08989122E90B76E90FD /* DashboardWidget.swift in Sources */ = {isa = PBXBuildFile; fileRef = 1DC31233DE387CBB102BB52D /* DashboardWidget.swift */; };
		8B862997398ABEA7E688E593 /* AppEnvironment.swift in Sources */ = {isa = PBXBuildFile; fileRef = 28A02FE6B67657605ADAD26F /* AppEnvironment.swift */; };
		8CD25B7C26A8A9C958DE9668 /* Enums.swift in Sources */ = {isa = PBXBuildFile; fileRef = 72E237202FA205F2954290C5 /* Enums.swift */; };
		8DFE71DE8F0275FCAE13A8B7 /* AppStatusPill.swift in Sources */ = {isa = PBXBuildFile; fileRef = 5B6FE31588E8453AAFC9C7CA /* AppStatusPill.swift */; };
		8E42DE4C7D3C58375252F23E /* AnalyticsView.swift in Sources */ = {isa = PBXBuildFile; fileRef = 318FD74B7889F32CF26880D3 /* AnalyticsView.swift */; };
		90E3EFDA9B028AD055DB6BBD /* AppButton.swift in Sources */ = {isa = PBXBuildFile; fileRef = D8BD4F1D488567322DDF5698 /* AppButton.swift */; };
		90EB29CDC8E8E42E01E5A693 /* SwiftUI.framework in Frameworks */ = {isa = PBXBuildFile; fileRef = 01171CE509ECC77B6133262A /* SwiftUI.framework */; };
		9159B055DFC7EFFC4205F918 /* Migrations.swift in Sources */ = {isa = PBXBuildFile; fileRef = C16F710A866605B6914BAFD7 /* Migrations.swift */; };
		9728B85CB357D17E2D339048 /* RecentActivityView.swift in Sources */ = {isa = PBXBuildFile; fileRef = 94F0C83CCC8F942178C86EEF /* RecentActivityView.swift */; };
		983F8CA0A3065A5D3798DEEA /* SalesViewModel.swift in Sources */ = {isa = PBXBuildFile; fileRef = 008C2C713875288B7D33C64D /* SalesViewModel.swift */; };
		99DA6B26C4EBCCBFDE1E5EFB /* InventoryViewModel.swift in Sources */ = {isa = PBXBuildFile; fileRef = FB2BE8BEBE439F2DAD03D46F /* InventoryViewModel.swift */; };
		A366A970C414DB660CB23D03 /* AppScreenContainer.swift in Sources */ = {isa = PBXBuildFile; fileRef = 8D313F966B93EDCE34C7B7C1 /* AppScreenContainer.swift */; };
		A984624D38F1A421D1ACFDD7 /* Migrations.swift in Sources */ = {isa = PBXBuildFile; fileRef = C16F710A866605B6914BAFD7 /* Migrations.swift */; };
		AA311E1E574DAC42537E3C8B /* Assets.xcassets in Resources */ = {isa = PBXBuildFile; fileRef = 793A5B1C81CBAB85FF287712 /* Assets.xcassets */; };
		AAB331A82DE833942CD941AB /* DynamicTable.swift in Sources */ = {isa = PBXBuildFile; fileRef = 3D812DC5E19FC8A97F17CA24 /* DynamicTable.swift */; };
		AB94B49DBB88AB4D253B8939 /* Sale.swift in Sources */ = {isa = PBXBuildFile; fileRef = 93770E26B2B2DA7975643019 /* Sale.swift */; };
		AF31EA1D9B06B0391D88E36A /* DashboardConfigService.swift in Sources */ = {isa = PBXBuildFile; fileRef = E170DC6BAEA2303F7AEA8FAB /* DashboardConfigService.swift */; };
		B14943929CB4505DD60225C4 /* WidgetCard.swift in Sources */ = {isa = PBXBuildFile; fileRef = D9D2DBFF53FFFA5F399B8A82 /* WidgetCard.swift */; };
		B4B7D4D521DDB60A8830FAD7 /* CustomFieldValue.swift in Sources */ = {isa = PBXBuildFile; fileRef = 1758AB850C821C19CABD80E7 /* CustomFieldValue.swift */; };
		B6E97F04566D380C54E1CB18 /* ColumnConfigRepository.swift in Sources */ = {isa = PBXBuildFile; fileRef = 7843B8E46FBEEFB4641C9901 /* ColumnConfigRepository.swift */; };
		B7D576DDF7C1C431F3D83E54 /* ImageService.swift in Sources */ = {isa = PBXBuildFile; fileRef = 929C1BBEA10AAB11FCFBC32C /* ImageService.swift */; };
		B7F4A8CE0448364FE0A8F090 /* ImportMappingService.swift in Sources */ = {isa = PBXBuildFile; fileRef = 667B2848D60C53D8B029CD3C /* ImportMappingService.swift */; };
		B8078B49076B6D5E485F684A /* CustomFieldManagementView.swift in Sources */ = {isa = PBXBuildFile; fileRef = 88F465BF454030A9E8BAE0B6 /* CustomFieldManagementView.swift */; };
		B944DF09AA57DDDD71828444 /* ColorPalette.swift in Sources */ = {isa = PBXBuildFile; fileRef = 20898D87D97CCAF7B2CA7C8D /* ColorPalette.swift */; };
		BB9BDD0A08E546E410830C38 /* AppStatusPill.swift in Sources */ = {isa = PBXBuildFile; fileRef = 5B6FE31588E8453AAFC9C7CA /* AppStatusPill.swift */; };
		BD5AE47D58031F0DFB6AF9F3 /* AppHeader.swift in Sources */ = {isa = PBXBuildFile; fileRef = A154A0FF5D8AB06895879EFE /* AppHeader.swift */; };
		BE7C2E8A681DE1710392E590 /* AppTextField.swift in Sources */ = {isa = PBXBuildFile; fileRef = DD5DACC43B85230C560AB6C4 /* AppTextField.swift */; };
		C508B243181BA77C1105E56A /* ExportService.swift in Sources */ = {isa = PBXBuildFile; fileRef = A066363D7519C3FC6AB51CCB /* ExportService.swift */; };
		C807E237D6399A95EB07A112 /* ContentView.swift in Sources */ = {isa = PBXBuildFile; fileRef = 1DC5B79E87326F871CA78983 /* ContentView.swift */; };
		C9C2CFE334CF7732DAAAA52B /* CustomFieldDefinition.swift in Sources */ = {isa = PBXBuildFile; fileRef = 0E429CB6F2F7C1BBEC08FA8B /* CustomFieldDefinition.swift */; };
		CA8FD121A87FA798208C00BE /* AppTextField.swift in Sources */ = {isa = PBXBuildFile; fileRef = DD5DACC43B85230C560AB6C4 /* AppTextField.swift */; };
		CBC2CEF3C1028745F02BD28A /* Theme.swift in Sources */ = {isa = PBXBuildFile; fileRef = 7C739F1D3556DAEA733325D2 /* Theme.swift */; };
		CD151F4BCE19D530B7026332 /* DatabaseManager.swift in Sources */ = {isa = PBXBuildFile; fileRef = 4458E334C02128695F8DD2D1 /* DatabaseManager.swift */; };
		CDC163FB40290526D2AB5DFF /* MainShellView_iOS.swift in Sources */ = {isa = PBXBuildFile; fileRef = 9D68D94544F38603A0887F8A /* MainShellView_iOS.swift */; };
		CE8B76DC8D3ECAB58816714A /* ModelExtensions.swift in Sources */ = {isa = PBXBuildFile; fileRef = A32DDCE644CA05C6CC4A12A3 /* ModelExtensions.swift */; };
		CFC4D0C2CEB0BD0F891CE3F9 /* ImportProfileRepository.swift in Sources */ = {isa = PBXBuildFile; fileRef = 4E864F2FD536EADF9479F37E /* ImportProfileRepository.swift */; };
		D045BC46431C866AB5A02F30 /* UserPreferencesRepository.swift in Sources */ = {isa = PBXBuildFile; fileRef = FBAA8FA65FB9C424E6E1EDEB /* UserPreferencesRepository.swift */; };
		D217260785A9CD04AA704AFF /* SchemaDefinitions.swift in Sources */ = {isa = PBXBuildFile; fileRef = 7BBB26F2918590E777E7E120 /* SchemaDefinitions.swift */; };
		D4AC2479F1753512CAF2F4F7 /* AppEmptyStateView.swift in Sources */ = {isa = PBXBuildFile; fileRef = DA5A08ED58C4FC9BC711B9C9 /* AppEmptyStateView.swift */; };
		D7842BA10CBBAB6010464D59 /* AnalyticsService.swift in Sources */ = {isa = PBXBuildFile; fileRef = 6F5EEC88869A9E3EE915E690 /* AnalyticsService.swift */; };
		DA38ABD066984366D040CEFB /* AppSidebarContainer.swift in Sources */ = {isa = PBXBuildFile; fileRef = 7E08E776645A4311F64E3288 /* AppSidebarContainer.swift */; };
		DCA70CA82C93BFFBD06CA5FE /* Item.swift in Sources */ = {isa = PBXBuildFile; fileRef = E46AC189D981F36230546D23 /* Item.swift */; };
		DD7752A2D253F2CA9A6EDC6B /* AppDropdown.swift in Sources */ = {isa = PBXBuildFile; fileRef = A292AA5AA87349A40B2FADC8 /* AppDropdown.swift */; };
		DE45D5C27D762F3E4936E714 /* ImportProfileRepository.swift in Sources */ = {isa = PBXBuildFile; fileRef = 4E864F2FD536EADF9479F37E /* ImportProfileRepository.swift */; };
		DF573472F29E7CE538B78F9A /* DashboardConfigService.swift in Sources */ = {isa = PBXBuildFile; fileRef = E170DC6BAEA2303F7AEA8FAB /* DashboardConfigService.swift */; };
		E0F5056831B462E2759E49D0 /* AppChart.swift in Sources */ = {isa = PBXBuildFile; fileRef = F336FD199BDDE8845CBCF676 /* AppChart.swift */; };
		E275792D7923316E4AE32D78 /* ColumnConfigService.swift in Sources */ = {isa = PBXBuildFile; fileRef = 7E6896F2B6A9C1A73D57FCFB /* ColumnConfigService.swift */; };
		E281A46087928353236AF06F /* Purchase.swift in Sources */ = {isa = PBXBuildFile; fileRef = 88F9A94869F805A6B6C10F46 /* Purchase.swift */; };
		E4B9147CF78CEB709F961B05 /* AppEntry.swift in Sources */ = {isa = PBXBuildFile; fileRef = 0DBC739C29ABDC2138C1CC2F /* AppEntry.swift */; };
		E5AFC80E2071056325DE891D /* SwiftUI.framework in Frameworks */ = {isa = PBXBuildFile; fileRef = 01171CE509ECC77B6133262A /* SwiftUI.framework */; };
		E7B4CD6AFBD109B87A004D97 /* ImageRepository.swift in Sources */ = {isa = PBXBuildFile; fileRef = 5EA795BD6CA7724D79A7DFC6 /* ImageRepository.swift */; };
		E7D433A1FC4EB230107A830E /* AppEmptyStateView.swift in Sources */ = {isa = PBXBuildFile; fileRef = DA5A08ED58C4FC9BC711B9C9 /* AppEmptyStateView.swift */; };
		E91E1AC21A853EFE3B4B81FC /* BrandRepository.swift in Sources */ = {isa = PBXBuildFile; fileRef = 7685BE3CBF86BAEAF1DB45B0 /* BrandRepository.swift */; };
		EA5C4DF9F13A961D4303D712 /* DashboardViewModel.swift in Sources */ = {isa = PBXBuildFile; fileRef = 9FD131AA3F44A5634F4F3D81 /* DashboardViewModel.swift */; };
		EA6D2B1EE0FCCFA06A3FEECE /* Category.swift in Sources */ = {isa = PBXBuildFile; fileRef = BA774F79222F543CDE2E556C /* Category.swift */; };
		EAB6A1C6669524484818548F /* SalesListView.swift in Sources */ = {isa = PBXBuildFile; fileRef = 011B08A34D65D017CB3FFCA4 /* SalesListView.swift */; };
		ED549CF766348E27C0A4BD36 /* DataTransferService.swift in Sources */ = {isa = PBXBuildFile; fileRef = 99669146D557313E880D4D0D /* DataTransferService.swift */; };
		EDB559DDC382C6FC373534DD /* SchemaDefinitions.swift in Sources */ = {isa = PBXBuildFile; fileRef = 7BBB26F2918590E777E7E120 /* SchemaDefinitions.swift */; };
		EDC6A31CDBBB74E7E19D3BCC /* AppToggle.swift in Sources */ = {isa = PBXBuildFile; fileRef = F5621E2EF1EEF0D2CA79F403 /* AppToggle.swift */; };
		EE2181104FBACB07134E0066 /* UserPreferences.swift in Sources */ = {isa = PBXBuildFile; fileRef = AC2895E828ABCA0ACE10A6BF /* UserPreferences.swift */; };
		F0713B8FFC2B4FD4819EFEA4 /* ImageService.swift in Sources */ = {isa = PBXBuildFile; fileRef = 929C1BBEA10AAB11FCFBC32C /* ImageService.swift */; };
		F22CB909828F975124957D42 /* ItemRepository.swift in Sources */ = {isa = PBXBuildFile; fileRef = BA6E101DB8D799FFCD06DD05 /* ItemRepository.swift */; };
		F256D24701F7E389A81A3A6F /* WidgetCard.swift in Sources */ = {isa = PBXBuildFile; fileRef = D9D2DBFF53FFFA5F399B8A82 /* WidgetCard.swift */; };
		F2E49B2077EB985E99152EE9 /* AppHeader.swift in Sources */ = {isa = PBXBuildFile; fileRef = A154A0FF5D8AB06895879EFE /* AppHeader.swift */; };
		F623BB21996D69015B466F59 /* InventoryView.swift in Sources */ = {isa = PBXBuildFile; fileRef = 71AB640845B2AA0A52B75CB8 /* InventoryView.swift */; };
		F7F6597355C19AEF33BD3F49 /* UserPreferences.swift in Sources */ = {isa = PBXBuildFile; fileRef = AC2895E828ABCA0ACE10A6BF /* UserPreferences.swift */; };
		FD8D67F70D69C9EDEF204E56 /* CornerRadius.swift in Sources */ = {isa = PBXBuildFile; fileRef = 3F5853E9F1BF1D0872C9CA9B /* CornerRadius.swift */; };
		FDAFE4F733E9B6549A29B10C /* AppChart.swift in Sources */ = {isa = PBXBuildFile; fileRef = F336FD199BDDE8845CBCF676 /* AppChart.swift */; };
		FF4F108302DFA5776E55E7F0 /* Brand.swift in Sources */ = {isa = PBXBuildFile; fileRef = D17FE1A64C589E013CA43CBD /* Brand.swift */; };
		FFE49BFE8F64B41A21727EF7 /* ThemeConfigurator.swift in Sources */ = {isa = PBXBuildFile; fileRef = A7F4ECF3219F4F7B8C641728 /* ThemeConfigurator.swift */; };
/* End PBXBuildFile section */

/* Begin PBXFileReference section */
		F11E00010000000000000001 /* PageHeader.swift */ = {isa = PBXFileReference; lastKnownFileType = sourcecode.swift; path = PageHeader.swift; sourceTree = "<group>"; };
		F11E00020000000000000002 /* SystemOverviewCard.swift */ = {isa = PBXFileReference; lastKnownFileType = sourcecode.swift; path = SystemOverviewCard.swift; sourceTree = "<group>"; };
		F11E00030000000000000003 /* TotalItemsCard.swift */ = {isa = PBXFileReference; lastKnownFileType = sourcecode.swift; path = TotalItemsCard.swift; sourceTree = "<group>"; };
		F11E00040000000000000004 /* ProcessesCard.swift */ = {isa = PBXFileReference; lastKnownFileType = sourcecode.swift; path = ProcessesCard.swift; sourceTree = "<group>"; };
		F11E00050000000000000005 /* RecentItemsCard.swift */ = {isa = PBXFileReference; lastKnownFileType = sourcecode.swift; path = RecentItemsCard.swift; sourceTree = "<group>"; };
		008C2C713875288B7D33C64D /* SalesViewModel.swift */ = {isa = PBXFileReference; lastKnownFileType = sourcecode.swift; path = SalesViewModel.swift; sourceTree = "<group>"; };
		00B040FC4D6B15340899AE24 /* ImportMappingView.swift */ = {isa = PBXFileReference; lastKnownFileType = sourcecode.swift; path = ImportMappingView.swift; sourceTree = "<group>"; };
		01171CE509ECC77B6133262A /* SwiftUI.framework */ = {isa = PBXFileReference; lastKnownFileType = wrapper.framework; name = SwiftUI.framework; path = System/Library/Frameworks/SwiftUI.framework; sourceTree = SDKROOT; };
		011B08A34D65D017CB3FFCA4 /* SalesListView.swift */ = {isa = PBXFileReference; lastKnownFileType = sourcecode.swift; path = SalesListView.swift; sourceTree = "<group>"; };
		0B726007390FDF9A89352281 /* AppTable.swift */ = {isa = PBXFileReference; lastKnownFileType = sourcecode.swift; path = AppTable.swift; sourceTree = "<group>"; };
		0DBC739C29ABDC2138C1CC2F /* AppEntry.swift */ = {isa = PBXFileReference; lastKnownFileType = sourcecode.swift; path = AppEntry.swift; sourceTree = "<group>"; };
		0E429CB6F2F7C1BBEC08FA8B /* CustomFieldDefinition.swift */ = {isa = PBXFileReference; lastKnownFileType = sourcecode.swift; path = CustomFieldDefinition.swift; sourceTree = "<group>"; };
		0FB05AE42C9ECF9CE513AFDF /* TBDApp_macOS.app */ = {isa = PBXFileReference; explicitFileType = wrapper.application; includeInIndex = 0; path = TBDApp_macOS.app; sourceTree = BUILT_PRODUCTS_DIR; };
		130CB91241DB83238C9A606D /* SalesRepository.swift */ = {isa = PBXFileReference; lastKnownFileType = sourcecode.swift; path = SalesRepository.swift; sourceTree = "<group>"; };
		1758AB850C821C19CABD80E7 /* CustomFieldValue.swift */ = {isa = PBXFileReference; lastKnownFileType = sourcecode.swift; path = CustomFieldValue.swift; sourceTree = "<group>"; };
		1DC31233DE387CBB102BB52D /* DashboardWidget.swift */ = {isa = PBXFileReference; lastKnownFileType = sourcecode.swift; path = DashboardWidget.swift; sourceTree = "<group>"; };
		1DC5B79E87326F871CA78983 /* ContentView.swift */ = {isa = PBXFileReference; lastKnownFileType = sourcecode.swift; path = ContentView.swift; sourceTree = "<group>"; };
		20898D87D97CCAF7B2CA7C8D /* ColorPalette.swift */ = {isa = PBXFileReference; lastKnownFileType = sourcecode.swift; path = ColorPalette.swift; sourceTree = "<group>"; };
		28A02FE6B67657605ADAD26F /* AppEnvironment.swift */ = {isa = PBXFileReference; lastKnownFileType = sourcecode.swift; path = AppEnvironment.swift; sourceTree = "<group>"; };
		2B8707D581824402765207D8 /* DashboardView.swift */ = {isa = PBXFileReference; lastKnownFileType = sourcecode.swift; path = DashboardView.swift; sourceTree = "<group>"; };
		318FD74B7889F32CF26880D3 /* AnalyticsView.swift */ = {isa = PBXFileReference; lastKnownFileType = sourcecode.swift; path = AnalyticsView.swift; sourceTree = "<group>"; };
		384FD40ACBECBB2E6F121BBB /* StockAlertsView.swift */ = {isa = PBXFileReference; lastKnownFileType = sourcecode.swift; path = StockAlertsView.swift; sourceTree = "<group>"; };
		3D812DC5E19FC8A97F17CA24 /* DynamicTable.swift */ = {isa = PBXFileReference; lastKnownFileType = sourcecode.swift; path = DynamicTable.swift; sourceTree = "<group>"; };
		3F5853E9F1BF1D0872C9CA9B /* CornerRadius.swift */ = {isa = PBXFileReference; lastKnownFileType = sourcecode.swift; path = CornerRadius.swift; sourceTree = "<group>"; };
		4458E334C02128695F8DD2D1 /* DatabaseManager.swift */ = {isa = PBXFileReference; lastKnownFileType = sourcecode.swift; path = DatabaseManager.swift; sourceTree = "<group>"; };
		4E864F2FD536EADF9479F37E /* ImportProfileRepository.swift */ = {isa = PBXFileReference; lastKnownFileType = sourcecode.swift; path = ImportProfileRepository.swift; sourceTree = "<group>"; };
		507413FAB0E8BF9779249149 /* SettingsView.swift */ = {isa = PBXFileReference; lastKnownFileType = sourcecode.swift; path = SettingsView.swift; sourceTree = "<group>"; };
		51AA1C359AE9845DFDA17FAF /* ItemDetailViewModel.swift */ = {isa = PBXFileReference; lastKnownFileType = sourcecode.swift; path = ItemDetailViewModel.swift; sourceTree = "<group>"; };
		55053E0F99CD969597685A21 /* Typography.swift */ = {isa = PBXFileReference; lastKnownFileType = sourcecode.swift; path = Typography.swift; sourceTree = "<group>"; };
		57D74F8BC02C93EBABB8EB96 /* ItemDetailView.swift */ = {isa = PBXFileReference; lastKnownFileType = sourcecode.swift; path = ItemDetailView.swift; sourceTree = "<group>"; };
		58012BBCA614F2AFBC45CBC2 /* DashboardConfigurationView.swift */ = {isa = PBXFileReference; lastKnownFileType = sourcecode.swift; path = DashboardConfigurationView.swift; sourceTree = "<group>"; };
		5B6FE31588E8453AAFC9C7CA /* AppStatusPill.swift */ = {isa = PBXFileReference; lastKnownFileType = sourcecode.swift; path = AppStatusPill.swift; sourceTree = "<group>"; };
		5EA795BD6CA7724D79A7DFC6 /* ImageRepository.swift */ = {isa = PBXFileReference; lastKnownFileType = sourcecode.swift; path = ImageRepository.swift; sourceTree = "<group>"; };
		667B2848D60C53D8B029CD3C /* ImportMappingService.swift */ = {isa = PBXFileReference; lastKnownFileType = sourcecode.swift; path = ImportMappingService.swift; sourceTree = "<group>"; };
		6F5EEC88869A9E3EE915E690 /* AnalyticsService.swift */ = {isa = PBXFileReference; lastKnownFileType = sourcecode.swift; path = AnalyticsService.swift; sourceTree = "<group>"; };
		703008592BF5E022EA87D4E4 /* ImageAttachment.swift */ = {isa = PBXFileReference; lastKnownFileType = sourcecode.swift; path = ImageAttachment.swift; sourceTree = "<group>"; };
		71AB640845B2AA0A52B75CB8 /* InventoryView.swift */ = {isa = PBXFileReference; lastKnownFileType = sourcecode.swift; path = InventoryView.swift; sourceTree = "<group>"; };
		72E237202FA205F2954290C5 /* Enums.swift */ = {isa = PBXFileReference; lastKnownFileType = sourcecode.swift; path = Enums.swift; sourceTree = "<group>"; };
		7685BE3CBF86BAEAF1DB45B0 /* BrandRepository.swift */ = {isa = PBXFileReference; lastKnownFileType = sourcecode.swift; path = BrandRepository.swift; sourceTree = "<group>"; };
		7843B8E46FBEEFB4641C9901 /* ColumnConfigRepository.swift */ = {isa = PBXFileReference; lastKnownFileType = sourcecode.swift; path = ColumnConfigRepository.swift; sourceTree = "<group>"; };
		793A5B1C81CBAB85FF287712 /* Assets.xcassets */ = {isa = PBXFileReference; lastKnownFileType = folder.assetcatalog; path = Assets.xcassets; sourceTree = "<group>"; };
		7BBB26F2918590E777E7E120 /* SchemaDefinitions.swift */ = {isa = PBXFileReference; lastKnownFileType = sourcecode.swift; path = SchemaDefinitions.swift; sourceTree = "<group>"; };
		7C739F1D3556DAEA733325D2 /* Theme.swift */ = {isa = PBXFileReference; lastKnownFileType = sourcecode.swift; path = Theme.swift; sourceTree = "<group>"; };
		7E08E776645A4311F64E3288 /* AppSidebarContainer.swift */ = {isa = PBXFileReference; lastKnownFileType = sourcecode.swift; path = AppSidebarContainer.swift; sourceTree = "<group>"; };
		7E6896F2B6A9C1A73D57FCFB /* ColumnConfigService.swift */ = {isa = PBXFileReference; lastKnownFileType = sourcecode.swift; path = ColumnConfigService.swift; sourceTree = "<group>"; };
		88F465BF454030A9E8BAE0B6 /* CustomFieldManagementView.swift */ = {isa = PBXFileReference; lastKnownFileType = sourcecode.swift; path = CustomFieldManagementView.swift; sourceTree = "<group>"; };
		88F9A94869F805A6B6C10F46 /* Purchase.swift */ = {isa = PBXFileReference; lastKnownFileType = sourcecode.swift; path = Purchase.swift; sourceTree = "<group>"; };
		8A2F971A9C8E60DE085D0C0F /* TBDApp_iOS.app */ = {isa = PBXFileReference; includeInIndex = 0; lastKnownFileType = wrapper.application; path = TBDApp_iOS.app; sourceTree = BUILT_PRODUCTS_DIR; };
		8D313F966B93EDCE34C7B7C1 /* AppScreenContainer.swift */ = {isa = PBXFileReference; lastKnownFileType = sourcecode.swift; path = AppScreenContainer.swift; sourceTree = "<group>"; };
		929C1BBEA10AAB11FCFBC32C /* ImageService.swift */ = {isa = PBXFileReference; lastKnownFileType = sourcecode.swift; path = ImageService.swift; sourceTree = "<group>"; };
		933829785D734D295BF39C73 /* CustomFieldRepository.swift */ = {isa = PBXFileReference; lastKnownFileType = sourcecode.swift; path = CustomFieldRepository.swift; sourceTree = "<group>"; };
		93770E26B2B2DA7975643019 /* Sale.swift */ = {isa = PBXFileReference; lastKnownFileType = sourcecode.swift; path = Sale.swift; sourceTree = "<group>"; };
		94F0C83CCC8F942178C86EEF /* RecentActivityView.swift */ = {isa = PBXFileReference; lastKnownFileType = sourcecode.swift; path = RecentActivityView.swift; sourceTree = "<group>"; };
		99669146D557313E880D4D0D /* DataTransferService.swift */ = {isa = PBXFileReference; lastKnownFileType = sourcecode.swift; path = DataTransferService.swift; sourceTree = "<group>"; };
		9D68D94544F38603A0887F8A /* MainShellView_iOS.swift */ = {isa = PBXFileReference; lastKnownFileType = sourcecode.swift; path = MainShellView_iOS.swift; sourceTree = "<group>"; };
		9EF2510A2459614E17089C97 /* AppSidebarItem.swift */ = {isa = PBXFileReference; lastKnownFileType = sourcecode.swift; path = AppSidebarItem.swift; sourceTree = "<group>"; };
		9FD131AA3F44A5634F4F3D81 /* DashboardViewModel.swift */ = {isa = PBXFileReference; lastKnownFileType = sourcecode.swift; path = DashboardViewModel.swift; sourceTree = "<group>"; };
		A066363D7519C3FC6AB51CCB /* ExportService.swift */ = {isa = PBXFileReference; lastKnownFileType = sourcecode.swift; path = ExportService.swift; sourceTree = "<group>"; };
		A154A0FF5D8AB06895879EFE /* AppHeader.swift */ = {isa = PBXFileReference; lastKnownFileType = sourcecode.swift; path = AppHeader.swift; sourceTree = "<group>"; };
		A2514F6BA30DF89BF44B4709 /* Shadows.swift */ = {isa = PBXFileReference; lastKnownFileType = sourcecode.swift; path = Shadows.swift; sourceTree = "<group>"; };
		A292AA5AA87349A40B2FADC8 /* AppDropdown.swift */ = {isa = PBXFileReference; lastKnownFileType = sourcecode.swift; path = AppDropdown.swift; sourceTree = "<group>"; };
		A32DDCE644CA05C6CC4A12A3 /* ModelExtensions.swift */ = {isa = PBXFileReference; lastKnownFileType = sourcecode.swift; path = ModelExtensions.swift; sourceTree = "<group>"; };
		A7F4ECF3219F4F7B8C641728 /* ThemeConfigurator.swift */ = {isa = PBXFileReference; lastKnownFileType = sourcecode.swift; path = ThemeConfigurator.swift; sourceTree = "<group>"; };
		A8D493834C7333FC98BE2BC7 /* AppCard.swift */ = {isa = PBXFileReference; lastKnownFileType = sourcecode.swift; path = AppCard.swift; sourceTree = "<group>"; };
		AC2895E828ABCA0ACE10A6BF /* UserPreferences.swift */ = {isa = PBXFileReference; lastKnownFileType = sourcecode.swift; path = UserPreferences.swift; sourceTree = "<group>"; };
		B02E6EA0926A55CBEC988AB5 /* DateExtensions.swift */ = {isa = PBXFileReference; lastKnownFileType = sourcecode.swift; path = DateExtensions.swift; sourceTree = "<group>"; };
		B2F6DC52F3188E8095325E95 /* ResultExtensions.swift */ = {isa = PBXFileReference; lastKnownFileType = sourcecode.swift; path = ResultExtensions.swift; sourceTree = "<group>"; };
		B32C90F7610C2F0EA1792182 /* CategoryRepository.swift */ = {isa = PBXFileReference; lastKnownFileType = sourcecode.swift; path = CategoryRepository.swift; sourceTree = "<group>"; };
		BA6E101DB8D799FFCD06DD05 /* ItemRepository.swift */ = {isa = PBXFileReference; lastKnownFileType = sourcecode.swift; path = ItemRepository.swift; sourceTree = "<group>"; };
		BA774F79222F543CDE2E556C /* Category.swift */ = {isa = PBXFileReference; lastKnownFileType = sourcecode.swift; path = Category.swift; sourceTree = "<group>"; };
		BA840AE7E94CFD3888CAC5A0 /* PurchaseRepository.swift */ = {isa = PBXFileReference; lastKnownFileType = sourcecode.swift; path = PurchaseRepository.swift; sourceTree = "<group>"; };
		C16F710A866605B6914BAFD7 /* Migrations.swift */ = {isa = PBXFileReference; lastKnownFileType = sourcecode.swift; path = Migrations.swift; sourceTree = "<group>"; };
		D17FE1A64C589E013CA43CBD /* Brand.swift */ = {isa = PBXFileReference; lastKnownFileType = sourcecode.swift; path = Brand.swift; sourceTree = "<group>"; };
		D52CC5562492C7A6E50EE72E /* Spacing.swift */ = {isa = PBXFileReference; lastKnownFileType = sourcecode.swift; path = Spacing.swift; sourceTree = "<group>"; };
		D7D022B4E5864577205EF35C /* DashboardConfigRepository.swift */ = {isa = PBXFileReference; lastKnownFileType = sourcecode.swift; path = DashboardConfigRepository.swift; sourceTree = "<group>"; };
		D8BD4F1D488567322DDF5698 /* AppButton.swift */ = {isa = PBXFileReference; lastKnownFileType = sourcecode.swift; path = AppButton.swift; sourceTree = "<group>"; };
		D9D2DBFF53FFFA5F399B8A82 /* WidgetCard.swift */ = {isa = PBXFileReference; lastKnownFileType = sourcecode.swift; path = WidgetCard.swift; sourceTree = "<group>"; };
		DA5A08ED58C4FC9BC711B9C9 /* AppEmptyStateView.swift */ = {isa = PBXFileReference; lastKnownFileType = sourcecode.swift; path = AppEmptyStateView.swift; sourceTree = "<group>"; };
		DD5DACC43B85230C560AB6C4 /* AppTextField.swift */ = {isa = PBXFileReference; lastKnownFileType = sourcecode.swift; path = AppTextField.swift; sourceTree = "<group>"; };
		DEA8579511B48C796E5E902E /* SettingsViewModel.swift */ = {isa = PBXFileReference; lastKnownFileType = sourcecode.swift; path = SettingsViewModel.swift; sourceTree = "<group>"; };
		E170DC6BAEA2303F7AEA8FAB /* DashboardConfigService.swift */ = {isa = PBXFileReference; lastKnownFileType = sourcecode.swift; path = DashboardConfigService.swift; sourceTree = "<group>"; };
		E2D3070E554DC7FCE010D1F8 /* TableColumnConfig.swift */ = {isa = PBXFileReference; lastKnownFileType = sourcecode.swift; path = TableColumnConfig.swift; sourceTree = "<group>"; };
		E46AC189D981F36230546D23 /* Item.swift */ = {isa = PBXFileReference; lastKnownFileType = sourcecode.swift; path = Item.swift; sourceTree = "<group>"; };
		E5F7BA9BFB46C0DC76B75CF2 /* ColumnConfigurationView.swift */ = {isa = PBXFileReference; lastKnownFileType = sourcecode.swift; path = ColumnConfigurationView.swift; sourceTree = "<group>"; };
		E6FBCFF8A2C3D75F58CCE485 /* PurchasesViewModel.swift */ = {isa = PBXFileReference; lastKnownFileType = sourcecode.swift; path = PurchasesViewModel.swift; sourceTree = "<group>"; };
		EEAF74623200B08C425FD211 /* PurchasesListView.swift */ = {isa = PBXFileReference; lastKnownFileType = sourcecode.swift; path = PurchasesListView.swift; sourceTree = "<group>"; };
		F336FD199BDDE8845CBCF676 /* AppChart.swift */ = {isa = PBXFileReference; lastKnownFileType = sourcecode.swift; path = AppChart.swift; sourceTree = "<group>"; };
		F5621E2EF1EEF0D2CA79F403 /* AppToggle.swift */ = {isa = PBXFileReference; lastKnownFileType = sourcecode.swift; path = AppToggle.swift; sourceTree = "<group>"; };
		F7FC12990BBA372C4CCCE1EC /* AppSearchField.swift */ = {isa = PBXFileReference; lastKnownFileType = sourcecode.swift; path = AppSearchField.swift; sourceTree = "<group>"; };
		F87521AFE6A1657599BD9C32 /* ImportProfile.swift */ = {isa = PBXFileReference; lastKnownFileType = sourcecode.swift; path = ImportProfile.swift; sourceTree = "<group>"; };
		FB2BE8BEBE439F2DAD03D46F /* InventoryViewModel.swift */ = {isa = PBXFileReference; lastKnownFileType = sourcecode.swift; path = InventoryViewModel.swift; sourceTree = "<group>"; };
		FBAA8FA65FB9C424E6E1EDEB /* UserPreferencesRepository.swift */ = {isa = PBXFileReference; lastKnownFileType = sourcecode.swift; path = UserPreferencesRepository.swift; sourceTree = "<group>"; };
/* End PBXFileReference section */

/* Begin PBXFrameworksBuildPhase section */
		A363E052AB77461B14B538EC /* Frameworks */ = {
			isa = PBXFrameworksBuildPhase;
			buildActionMask = 2147483647;
			files = (
				E5AFC80E2071056325DE891D /* SwiftUI.framework in Frameworks */,
				548A4ADC96D5793064AA8487 /* GRDB in Frameworks */,
			);
			runOnlyForDeploymentPostprocessing = 0;
		};
		D4F3AEDBD5B8B2D5C1CF37D2 /* Frameworks */ = {
			isa = PBXFrameworksBuildPhase;
			buildActionMask = 2147483647;
			files = (
				90EB29CDC8E8E42E01E5A693 /* SwiftUI.framework in Frameworks */,
				01DF8E8771BF6034C967404B /* GRDB in Frameworks */,
			);
			runOnlyForDeploymentPostprocessing = 0;
		};
/* End PBXFrameworksBuildPhase section */

/* Begin PBXGroup section */
		172BC9179A51EC68319EF747 /* Analytics */ = {
			isa = PBXGroup;
			children = (
				62FEE6F764D62065AC9A3C43 /* Views */,
			);
			path = Analytics;
			sourceTree = "<group>";
		};
		1813270D101ECD84956A8A55 /* Views */ = {
			isa = PBXGroup;
			children = (
				58012BBCA614F2AFBC45CBC2 /* DashboardConfigurationView.swift */,
				2B8707D581824402765207D8 /* DashboardView.swift */,
				94E98878DD03E8BB3C46F130 /* Components */,
			);
			path = Views;
			sourceTree = "<group>";
		};
		26D50F329189D802BD108F5D /* Visualizations */ = {
			isa = PBXGroup;
			children = (
				F336FD199BDDE8845CBCF676 /* AppChart.swift */,
			);
			path = Visualizations;
			sourceTree = "<group>";
		};
		298C6FF08D8D8DC5D15FB54F /* ViewModels */ = {
			isa = PBXGroup;
			children = (
				9FD131AA3F44A5634F4F3D81 /* DashboardViewModel.swift */,
			);
			path = ViewModels;
			sourceTree = "<group>";
		};
		300D7BD34DC792A37BCFA911 /* Frameworks */ = {
			isa = PBXGroup;
			children = (
				01171CE509ECC77B6133262A /* SwiftUI.framework */,
			);
			name = Frameworks;
			sourceTree = "<group>";
		};
		324094B1BC44E23FC1AA3781 /* ViewModels */ = {
			isa = PBXGroup;
			children = (
				E6FBCFF8A2C3D75F58CCE485 /* PurchasesViewModel.swift */,
			);
			path = ViewModels;
			sourceTree = "<group>";
		};
		3DE49DE56DA939AC31DF9AFD /* ViewModels */ = {
			isa = PBXGroup;
			children = (
				DEA8579511B48C796E5E902E /* SettingsViewModel.swift */,
			);
			path = ViewModels;
			sourceTree = "<group>";
		};
		45A480418FDA674B98DBEBF6 /* Services */ = {
			isa = PBXGroup;
			children = (
				6F5EEC88869A9E3EE915E690 /* AnalyticsService.swift */,
				7E6896F2B6A9C1A73D57FCFB /* ColumnConfigService.swift */,
				E170DC6BAEA2303F7AEA8FAB /* DashboardConfigService.swift */,
				99669146D557313E880D4D0D /* DataTransferService.swift */,
				A066363D7519C3FC6AB51CCB /* ExportService.swift */,
				929C1BBEA10AAB11FCFBC32C /* ImageService.swift */,
				667B2848D60C53D8B029CD3C /* ImportMappingService.swift */,
			);
			path = Services;
			sourceTree = "<group>";
		};
		5A06870904321D0E4FAB4257 /* Settings */ = {
			isa = PBXGroup;
			children = (
				3DE49DE56DA939AC31DF9AFD /* ViewModels */,
				EEBABBF4E454A5050FBF469D /* Views */,
			);
			path = Settings;
			sourceTree = "<group>";
		};
		5A31DEF18BB17A3215C6E69E /* Layout */ = {
			isa = PBXGroup;
			children = (
				F11E00010000000000000001 /* PageHeader.swift */,
				A154A0FF5D8AB06895879EFE /* AppHeader.swift */,
				8D313F966B93EDCE34C7B7C1 /* AppScreenContainer.swift */,
				7E08E776645A4311F64E3288 /* AppSidebarContainer.swift */,
				9EF2510A2459614E17089C97 /* AppSidebarItem.swift */,
			);
			path = Layout;
			sourceTree = "<group>";
		};
		607A08531219379E5CF372C2 /* Feedback */ = {
			isa = PBXGroup;
			children = (
				DA5A08ED58C4FC9BC711B9C9 /* AppEmptyStateView.swift */,
			);
			path = Feedback;
			sourceTree = "<group>";
		};
		62FEE6F764D62065AC9A3C43 /* Views */ = {
			isa = PBXGroup;
			children = (
				318FD74B7889F32CF26880D3 /* AnalyticsView.swift */,
			);
			path = Views;
			sourceTree = "<group>";
		};
		65660DD1A9BAEE39F881A0F8 = {
			isa = PBXGroup;
			children = (
				FD2D4DEB94E3D03D374EC308 /* TBDApp */,
				300D7BD34DC792A37BCFA911 /* Frameworks */,
				93B80B1B54BF59E4E9C9352E /* Products */,
			);
			sourceTree = "<group>";
		};
		65B3221B687C76177591C8BB /* Views */ = {
			isa = PBXGroup;
			children = (
				EEAF74623200B08C425FD211 /* PurchasesListView.swift */,
			);
			path = Views;
			sourceTree = "<group>";
		};
		67DE677E8DBA7CA9B779FA4F /* Utilities */ = {
			isa = PBXGroup;
			children = (
				B02E6EA0926A55CBEC988AB5 /* DateExtensions.swift */,
				B2F6DC52F3188E8095325E95 /* ResultExtensions.swift */,
			);
			path = Utilities;
			sourceTree = "<group>";
		};
		689F9A9652287DC8023C5A69 /* ViewModels */ = {
			isa = PBXGroup;
			children = (
				FB2BE8BEBE439F2DAD03D46F /* InventoryViewModel.swift */,
				51AA1C359AE9845DFDA17FAF /* ItemDetailViewModel.swift */,
			);
			path = ViewModels;
			sourceTree = "<group>";
		};
		6F87D6F559DE483014BBD75F /* Views */ = {
			isa = PBXGroup;
			children = (
				011B08A34D65D017CB3FFCA4 /* SalesListView.swift */,
			);
			path = Views;
			sourceTree = "<group>";
		};
		72ED4E5DB54F5EF47204FE7C /* App */ = {
			isa = PBXGroup;
			children = (
				0DBC739C29ABDC2138C1CC2F /* AppEntry.swift */,
				28A02FE6B67657605ADAD26F /* AppEnvironment.swift */,
				1DC5B79E87326F871CA78983 /* ContentView.swift */,
				9D68D94544F38603A0887F8A /* MainShellView_iOS.swift */,
			);
			path = App;
			sourceTree = "<group>";
		};
		73F9345B01E2CC836DB9E7E2 /* Purchases */ = {
			isa = PBXGroup;
			children = (
				324094B1BC44E23FC1AA3781 /* ViewModels */,
				65B3221B687C76177591C8BB /* Views */,
			);
			path = Purchases;
			sourceTree = "<group>";
		};
		7DC38EDE85FBF5A892E049FD /* Resources */ = {
			isa = PBXGroup;
			children = (
				793A5B1C81CBAB85FF287712 /* Assets.xcassets */,
			);
			path = Resources;
			sourceTree = "<group>";
		};
		8D92F168E11D5E9A422CC940 /* Theme */ = {
			isa = PBXGroup;
			children = (
				20898D87D97CCAF7B2CA7C8D /* ColorPalette.swift */,
				3F5853E9F1BF1D0872C9CA9B /* CornerRadius.swift */,
				A2514F6BA30DF89BF44B4709 /* Shadows.swift */,
				D52CC5562492C7A6E50EE72E /* Spacing.swift */,
				7C739F1D3556DAEA733325D2 /* Theme.swift */,
				A7F4ECF3219F4F7B8C641728 /* ThemeConfigurator.swift */,
				55053E0F99CD969597685A21 /* Typography.swift */,
			);
			path = Theme;
			sourceTree = "<group>";
		};
		93B80B1B54BF59E4E9C9352E /* Products */ = {
			isa = PBXGroup;
			children = (
				8A2F971A9C8E60DE085D0C0F /* TBDApp_iOS.app */,
				0FB05AE42C9ECF9CE513AFDF /* TBDApp_macOS.app */,
			);
			name = Products;
			sourceTree = "<group>";
		};
		947A033CFD26A38C67E12A40 /* Sales */ = {
			isa = PBXGroup;
			children = (
				98EEE3B1FCD3AE96C67598AD /* ViewModels */,
				6F87D6F559DE483014BBD75F /* Views */,
			);
			path = Sales;
			sourceTree = "<group>";
		};
		94E98878DD03E8BB3C46F130 /* Components */ = {
			isa = PBXGroup;
			children = (
				F11E00020000000000000002 /* SystemOverviewCard.swift */,
				F11E00030000000000000003 /* TotalItemsCard.swift */,
				F11E00040000000000000004 /* ProcessesCard.swift */,
				F11E00050000000000000005 /* RecentItemsCard.swift */,
				94F0C83CCC8F942178C86EEF /* RecentActivityView.swift */,
				384FD40ACBECBB2E6F121BBB /* StockAlertsView.swift */,
				D9D2DBFF53FFFA5F399B8A82 /* WidgetCard.swift */,
			);
			path = Components;
			sourceTree = "<group>";
		};
		950EA65E1D2147F0ADAF8C59 /* Views */ = {
			isa = PBXGroup;
			children = (
				71AB640845B2AA0A52B75CB8 /* InventoryView.swift */,
				57D74F8BC02C93EBABB8EB96 /* ItemDetailView.swift */,
			);
			path = Views;
			sourceTree = "<group>";
		};
		968E7DC434A534CEA7F45B91 /* Inventory */ = {
			isa = PBXGroup;
			children = (
				689F9A9652287DC8023C5A69 /* ViewModels */,
				950EA65E1D2147F0ADAF8C59 /* Views */,
			);
			path = Inventory;
			sourceTree = "<group>";
		};
		970B4A63E5F8D65A3855DD74 /* Repositories */ = {
			isa = PBXGroup;
			children = (
				7685BE3CBF86BAEAF1DB45B0 /* BrandRepository.swift */,
				B32C90F7610C2F0EA1792182 /* CategoryRepository.swift */,
				7843B8E46FBEEFB4641C9901 /* ColumnConfigRepository.swift */,
				933829785D734D295BF39C73 /* CustomFieldRepository.swift */,
				D7D022B4E5864577205EF35C /* DashboardConfigRepository.swift */,
				5EA795BD6CA7724D79A7DFC6 /* ImageRepository.swift */,
				4E864F2FD536EADF9479F37E /* ImportProfileRepository.swift */,
				BA6E101DB8D799FFCD06DD05 /* ItemRepository.swift */,
				BA840AE7E94CFD3888CAC5A0 /* PurchaseRepository.swift */,
				130CB91241DB83238C9A606D /* SalesRepository.swift */,
				FBAA8FA65FB9C424E6E1EDEB /* UserPreferencesRepository.swift */,
			);
			path = Repositories;
			sourceTree = "<group>";
		};
		98EEE3B1FCD3AE96C67598AD /* ViewModels */ = {
			isa = PBXGroup;
			children = (
				008C2C713875288B7D33C64D /* SalesViewModel.swift */,
			);
			path = ViewModels;
			sourceTree = "<group>";
		};
		A2E408EA9DA622473532FEC3 /* Data */ = {
			isa = PBXGroup;
			children = (
				A8C345BFF742CB0F7C3067EB /* Database */,
				970B4A63E5F8D65A3855DD74 /* Repositories */,
			);
			path = Data;
			sourceTree = "<group>";
		};
		A8C345BFF742CB0F7C3067EB /* Database */ = {
			isa = PBXGroup;
			children = (
				4458E334C02128695F8DD2D1 /* DatabaseManager.swift */,
				C16F710A866605B6914BAFD7 /* Migrations.swift */,
				A32DDCE644CA05C6CC4A12A3 /* ModelExtensions.swift */,
				7BBB26F2918590E777E7E120 /* SchemaDefinitions.swift */,
			);
			path = Database;
			sourceTree = "<group>";
		};
		B79FAC3C27A47538F616DEC6 /* Features */ = {
			isa = PBXGroup;
			children = (
				172BC9179A51EC68319EF747 /* Analytics */,
				CE6B1A997EE13E4653E8A4BA /* Dashboard */,
				968E7DC434A534CEA7F45B91 /* Inventory */,
				73F9345B01E2CC836DB9E7E2 /* Purchases */,
				947A033CFD26A38C67E12A40 /* Sales */,
				5A06870904321D0E4FAB4257 /* Settings */,
			);
			path = Features;
			sourceTree = "<group>";
		};
		CC90230AB97C74E2CD1A0BD3 /* Core */ = {
			isa = PBXGroup;
			children = (
				D89EF0690B0FFB27948B50FE /* Components */,
				A2E408EA9DA622473532FEC3 /* Data */,
				E0FF3787EC6876E1A4B85221 /* Models */,
				45A480418FDA674B98DBEBF6 /* Services */,
				8D92F168E11D5E9A422CC940 /* Theme */,
				67DE677E8DBA7CA9B779FA4F /* Utilities */,
			);
			path = Core;
			sourceTree = "<group>";
		};
		CE6B1A997EE13E4653E8A4BA /* Dashboard */ = {
			isa = PBXGroup;
			children = (
				298C6FF08D8D8DC5D15FB54F /* ViewModels */,
				1813270D101ECD84956A8A55 /* Views */,
			);
			path = Dashboard;
			sourceTree = "<group>";
		};
		D89EF0690B0FFB27948B50FE /* Components */ = {
			isa = PBXGroup;
			children = (
				3D812DC5E19FC8A97F17CA24 /* DynamicTable.swift */,
				607A08531219379E5CF372C2 /* Feedback */,
				5A31DEF18BB17A3215C6E69E /* Layout */,
				F3E98CB1B4D1F410846710C2 /* Primitives */,
				26D50F329189D802BD108F5D /* Visualizations */,
			);
			path = Components;
			sourceTree = "<group>";
		};
		E0FF3787EC6876E1A4B85221 /* Models */ = {
			isa = PBXGroup;
			children = (
				D17FE1A64C589E013CA43CBD /* Brand.swift */,
				BA774F79222F543CDE2E556C /* Category.swift */,
				0E429CB6F2F7C1BBEC08FA8B /* CustomFieldDefinition.swift */,
				1758AB850C821C19CABD80E7 /* CustomFieldValue.swift */,
				1DC31233DE387CBB102BB52D /* DashboardWidget.swift */,
				72E237202FA205F2954290C5 /* Enums.swift */,
				703008592BF5E022EA87D4E4 /* ImageAttachment.swift */,
				F87521AFE6A1657599BD9C32 /* ImportProfile.swift */,
				E46AC189D981F36230546D23 /* Item.swift */,
				88F9A94869F805A6B6C10F46 /* Purchase.swift */,
				93770E26B2B2DA7975643019 /* Sale.swift */,
				E2D3070E554DC7FCE010D1F8 /* TableColumnConfig.swift */,
				AC2895E828ABCA0ACE10A6BF /* UserPreferences.swift */,
			);
			path = Models;
			sourceTree = "<group>";
		};
		EEBABBF4E454A5050FBF469D /* Views */ = {
			isa = PBXGroup;
			children = (
				E5F7BA9BFB46C0DC76B75CF2 /* ColumnConfigurationView.swift */,
				88F465BF454030A9E8BAE0B6 /* CustomFieldManagementView.swift */,
				00B040FC4D6B15340899AE24 /* ImportMappingView.swift */,
				507413FAB0E8BF9779249149 /* SettingsView.swift */,
			);
			path = Views;
			sourceTree = "<group>";
		};
		F3E98CB1B4D1F410846710C2 /* Primitives */ = {
			isa = PBXGroup;
			children = (
				D8BD4F1D488567322DDF5698 /* AppButton.swift */,
				A8D493834C7333FC98BE2BC7 /* AppCard.swift */,
				A292AA5AA87349A40B2FADC8 /* AppDropdown.swift */,
				F7FC12990BBA372C4CCCE1EC /* AppSearchField.swift */,
				5B6FE31588E8453AAFC9C7CA /* AppStatusPill.swift */,
				0B726007390FDF9A89352281 /* AppTable.swift */,
				DD5DACC43B85230C560AB6C4 /* AppTextField.swift */,
				F5621E2EF1EEF0D2CA79F403 /* AppToggle.swift */,
			);
			path = Primitives;
			sourceTree = "<group>";
		};
		FD2D4DEB94E3D03D374EC308 /* TBDApp */ = {
			isa = PBXGroup;
			children = (
				72ED4E5DB54F5EF47204FE7C /* App */,
				CC90230AB97C74E2CD1A0BD3 /* Core */,
				B79FAC3C27A47538F616DEC6 /* Features */,
				7DC38EDE85FBF5A892E049FD /* Resources */,
			);
			path = TBDApp;
			sourceTree = "<group>";
		};
		"TEMP_D3818953-4F21-4668-9029-9F76F1BB98A2" /* Onboarding */ = {
			isa = PBXGroup;
			children = (
			);
			path = Onboarding;
			sourceTree = "<group>";
		};
/* End PBXGroup section */

/* Begin PBXNativeTarget section */
		0E53658CDCD9481AC8974FCF /* TBDApp_iOS */ = {
			isa = PBXNativeTarget;
			buildConfigurationList = 9EE14092DF9B754E283DCEF5 /* Build configuration list for PBXNativeTarget "TBDApp_iOS" */;
			buildPhases = (
				0DEB816E3959F069A20BA86D /* Sources */,
				2F96E9F062BD1A8352D2758D /* Resources */,
				D4F3AEDBD5B8B2D5C1CF37D2 /* Frameworks */,
			);
			buildRules = (
			);
			dependencies = (
			);
			name = TBDApp_iOS;
			packageProductDependencies = (
				903562DCF264653ECAE50131 /* GRDB */,
			);
			productName = TBDApp_iOS;
			productReference = 8A2F971A9C8E60DE085D0C0F /* TBDApp_iOS.app */;
			productType = "com.apple.product-type.application";
		};
		3A3A7C3E0523917D237F02AD /* TBDApp_macOS */ = {
			isa = PBXNativeTarget;
			buildConfigurationList = 0B5508F5869E0AAE5F4D3AB5 /* Build configuration list for PBXNativeTarget "TBDApp_macOS" */;
			buildPhases = (
				BC0FA6301BFA2AFD38D4CF8E /* Sources */,
				82EDBFB81D73BC9F56179219 /* Resources */,
				A363E052AB77461B14B538EC /* Frameworks */,
			);
			buildRules = (
			);
			dependencies = (
			);
			name = TBDApp_macOS;
			packageProductDependencies = (
				02C189662C4EA59D292AAE34 /* GRDB */,
			);
			productName = TBDApp_macOS;
			productReference = 0FB05AE42C9ECF9CE513AFDF /* TBDApp_macOS.app */;
			productType = "com.apple.product-type.application";
		};
/* End PBXNativeTarget section */

/* Begin PBXProject section */
		00A5BF12746CCF1FA00997B6 /* Project object */ = {
			isa = PBXProject;
			attributes = {
				BuildIndependentTargetsInParallel = YES;
				LastUpgradeCheck = 1430;
			};
			buildConfigurationList = 36549C48354FD9101FCCFF61 /* Build configuration list for PBXProject "TBDApp" */;
			compatibilityVersion = "Xcode 14.0";
			developmentRegion = en;
			hasScannedForEncodings = 0;
			knownRegions = (
				Base,
				en,
			);
			mainGroup = 65660DD1A9BAEE39F881A0F8;
			minimizedProjectReferenceProxies = 1;
			packageReferences = (
				30DD0117F7482B69FCD07210 /* XCRemoteSwiftPackageReference "GRDB.swift" */,
			);
			preferredProjectObjectVersion = 77;
			projectDirPath = "";
			projectRoot = "";
			targets = (
				0E53658CDCD9481AC8974FCF /* TBDApp_iOS */,
				3A3A7C3E0523917D237F02AD /* TBDApp_macOS */,
			);
		};
/* End PBXProject section */

/* Begin PBXResourcesBuildPhase section */
		2F96E9F062BD1A8352D2758D /* Resources */ = {
			isa = PBXResourcesBuildPhase;
			buildActionMask = 2147483647;
			files = (
				AA311E1E574DAC42537E3C8B /* Assets.xcassets in Resources */,
			);
			runOnlyForDeploymentPostprocessing = 0;
		};
		82EDBFB81D73BC9F56179219 /* Resources */ = {
			isa = PBXResourcesBuildPhase;
			buildActionMask = 2147483647;
			files = (
				47B92F7E485A12F462D19F4D /* Assets.xcassets in Resources */,
			);
			runOnlyForDeploymentPostprocessing = 0;
		};
/* End PBXResourcesBuildPhase section */

/* Begin PBXSourcesBuildPhase section */
		0DEB816E3959F069A20BA86D /* Sources */ = {
			isa = PBXSourcesBuildPhase;
			buildActionMask = 2147483647;
			files = (
				89B417BD35A47AAF8855DBC5 /* AnalyticsService.swift in Sources */,
				8A38F43306823033A975EBEC /* AnalyticsView.swift in Sources */,
				5D73C710A1DB3F405C997155 /* AppButton.swift in Sources */,
				083B4793D669F701486A2BEE /* AppCard.swift in Sources */,
				FDAFE4F733E9B6549A29B10C /* AppChart.swift in Sources */,
				DD7752A2D253F2CA9A6EDC6B /* AppDropdown.swift in Sources */,
				E7D433A1FC4EB230107A830E /* AppEmptyStateView.swift in Sources */,
				E4B9147CF78CEB709F961B05 /* AppEntry.swift in Sources */,
				0C3FE3783F03EC4B700E1553 /* AppEnvironment.swift in Sources */,
				BD5AE47D58031F0DFB6AF9F3 /* AppHeader.swift in Sources */,
				20BA9EE9BFE25BC128542DAC /* AppScreenContainer.swift in Sources */,
				652955B7D05159CD80E35A15 /* AppSearchField.swift in Sources */,
				680B76CC98EEA836D2E7C266 /* AppSidebarContainer.swift in Sources */,
				7F064D849C89461E28EFC6A6 /* AppSidebarItem.swift in Sources */,
				8DFE71DE8F0275FCAE13A8B7 /* AppStatusPill.swift in Sources */,
				0E7BA805BE8E8D1E46D6F8B2 /* AppTable.swift in Sources */,
				BE7C2E8A681DE1710392E590 /* AppTextField.swift in Sources */,
				EDC6A31CDBBB74E7E19D3BCC /* AppToggle.swift in Sources */,
				6B68805A5CE42E3CD88D54B7 /* Brand.swift in Sources */,
				57EC3E75B2E2288612BFB0B4 /* BrandRepository.swift in Sources */,
				42CA006527F8E56B0AB51B7D /* Category.swift in Sources */,
				22B70C16BCD04BFA16040392 /* CategoryRepository.swift in Sources */,
				7389429C11056818BB5748EC /* ColorPalette.swift in Sources */,
				B6E97F04566D380C54E1CB18 /* ColumnConfigRepository.swift in Sources */,
				E275792D7923316E4AE32D78 /* ColumnConfigService.swift in Sources */,
				88C0FB91B48BCFA032A8AE60 /* ColumnConfigurationView.swift in Sources */,
				C807E237D6399A95EB07A112 /* ContentView.swift in Sources */,
				FD8D67F70D69C9EDEF204E56 /* CornerRadius.swift in Sources */,
				C9C2CFE334CF7732DAAAA52B /* CustomFieldDefinition.swift in Sources */,
				15A6FF850D7060038245C372 /* CustomFieldManagementView.swift in Sources */,
				59CF743FE4E7E49BE9276477 /* CustomFieldRepository.swift in Sources */,
				706073A39DF1AAFDB25BC20D /* CustomFieldValue.swift in Sources */,
				86C9535DA6EDCBDBB87F8358 /* DashboardConfigRepository.swift in Sources */,
				AF31EA1D9B06B0391D88E36A /* DashboardConfigService.swift in Sources */,
				10C90862B78AABB97065DCA8 /* DashboardConfigurationView.swift in Sources */,
				089556BBEAA75A096EB2B8E1 /* DashboardView.swift in Sources */,
				EA5C4DF9F13A961D4303D712 /* DashboardViewModel.swift in Sources */,
				44D8E4759F59721E88995C8D /* DashboardWidget.swift in Sources */,
				0202E2E7B812FA431F32FE05 /* DataTransferService.swift in Sources */,
				42DD2FB8668C8A310E02BB85 /* DatabaseManager.swift in Sources */,
				5D489CCD79B31F8128F34086 /* DateExtensions.swift in Sources */,
				AAB331A82DE833942CD941AB /* DynamicTable.swift in Sources */,
				8CD25B7C26A8A9C958DE9668 /* Enums.swift in Sources */,
				C508B243181BA77C1105E56A /* ExportService.swift in Sources */,
				567D39FCB683FA377A49C30E /* ImageAttachment.swift in Sources */,
				711DBC8FF6F09E862A8876DC /* ImageRepository.swift in Sources */,
				F0713B8FFC2B4FD4819EFEA4 /* ImageService.swift in Sources */,
				B7F4A8CE0448364FE0A8F090 /* ImportMappingService.swift in Sources */,
				0F5C05A06546DD42318EA9E8 /* ImportMappingView.swift in Sources */,
				685F26A8BA3E8A6EE748BE52 /* ImportProfile.swift in Sources */,
				CFC4D0C2CEB0BD0F891CE3F9 /* ImportProfileRepository.swift in Sources */,
				F623BB21996D69015B466F59 /* InventoryView.swift in Sources */,
				99DA6B26C4EBCCBFDE1E5EFB /* InventoryViewModel.swift in Sources */,
				61C3137186A157C6E9553DB1 /* Item.swift in Sources */,
				55F0C2EBA599BF1BBAA2D0A5 /* ItemDetailView.swift in Sources */,
				0822339426F745511BE8260E /* ItemDetailViewModel.swift in Sources */,
				F22CB909828F975124957D42 /* ItemRepository.swift in Sources */,
				70F6558D9F73700B7C93BB28 /* MainShellView_iOS.swift in Sources */,
				A984624D38F1A421D1ACFDD7 /* Migrations.swift in Sources */,
				CE8B76DC8D3ECAB58816714A /* ModelExtensions.swift in Sources */,
				E281A46087928353236AF06F /* Purchase.swift in Sources */,
				5B83BFE8CE65F0969A080819 /* PurchaseRepository.swift in Sources */,
				10AD83B642B768307C624689 /* PurchasesListView.swift in Sources */,
				54024F716DDE9A4B37217FA8 /* PurchasesViewModel.swift in Sources */,
				9728B85CB357D17E2D339048 /* RecentActivityView.swift in Sources */,
				633379045A8820BC3AD0AA8D /* ResultExtensions.swift in Sources */,
				AB94B49DBB88AB4D253B8939 /* Sale.swift in Sources */,
				EAB6A1C6669524484818548F /* SalesListView.swift in Sources */,
				3FD1F85030FFE4FF1B91658F /* SalesRepository.swift in Sources */,
				983F8CA0A3065A5D3798DEEA /* SalesViewModel.swift in Sources */,
				EDB559DDC382C6FC373534DD /* SchemaDefinitions.swift in Sources */,
				43051A22E0D85D4A2C9A640D /* SettingsView.swift in Sources */,
				0E724C12A3F9C493BD42B0FE /* SettingsViewModel.swift in Sources */,
				8A52658AC4CA55E21B147F7C /* Shadows.swift in Sources */,
				3157BA6C65454D9370BDAB27 /* Spacing.swift in Sources */,
				7FC4FCD678CD460873F39AA5 /* StockAlertsView.swift in Sources */,
				7A1CBB80306ACEA162E3C095 /* TableColumnConfig.swift in Sources */,
				7F3AD261824A604E49B497F4 /* Theme.swift in Sources */,
				2FCEE2A39335AE658FA8F495 /* ThemeConfigurator.swift in Sources */,
				0413235F9B06B4FA26AACB62 /* Typography.swift in Sources */,
				EE2181104FBACB07134E0066 /* UserPreferences.swift in Sources */,
				581716C0B8D1A041DD647905 /* UserPreferencesRepository.swift in Sources */,
				B14943929CB4505DD60225C4 /* WidgetCard.swift in Sources */,
			);
			runOnlyForDeploymentPostprocessing = 0;
		};
		BC0FA6301BFA2AFD38D4CF8E /* Sources */ = {
			isa = PBXSourcesBuildPhase;
			buildActionMask = 2147483647;
			files = (
				B11D00010000000000000001 /* PageHeader.swift in Sources */,
				B11D00020000000000000002 /* SystemOverviewCard.swift in Sources */,
				B11D00030000000000000003 /* TotalItemsCard.swift in Sources */,
				B11D00040000000000000004 /* ProcessesCard.swift in Sources */,
				B11D00050000000000000005 /* RecentItemsCard.swift in Sources */,
				D7842BA10CBBAB6010464D59 /* AnalyticsService.swift in Sources */,
				8E42DE4C7D3C58375252F23E /* AnalyticsView.swift in Sources */,
				90E3EFDA9B028AD055DB6BBD /* AppButton.swift in Sources */,
				1E42BD09F047A68A90A40599 /* AppCard.swift in Sources */,
				E0F5056831B462E2759E49D0 /* AppChart.swift in Sources */,
				7E340DD57413B5EB1755E779 /* AppDropdown.swift in Sources */,
				D4AC2479F1753512CAF2F4F7 /* AppEmptyStateView.swift in Sources */,
				136766FCC5F18185B0737473 /* AppEntry.swift in Sources */,
				8B862997398ABEA7E688E593 /* AppEnvironment.swift in Sources */,
				F2E49B2077EB985E99152EE9 /* AppHeader.swift in Sources */,
				A366A970C414DB660CB23D03 /* AppScreenContainer.swift in Sources */,
				6DBAC84224C285CF8D39D793 /* AppSearchField.swift in Sources */,
				DA38ABD066984366D040CEFB /* AppSidebarContainer.swift in Sources */,
				37FAFD4873F38E53DF452905 /* AppSidebarItem.swift in Sources */,
				BB9BDD0A08E546E410830C38 /* AppStatusPill.swift in Sources */,
				88E7B1E75A063FDC07353273 /* AppTable.swift in Sources */,
				CA8FD121A87FA798208C00BE /* AppTextField.swift in Sources */,
				2522695EB7CF5B47B3A5F9AD /* AppToggle.swift in Sources */,
				FF4F108302DFA5776E55E7F0 /* Brand.swift in Sources */,
				E91E1AC21A853EFE3B4B81FC /* BrandRepository.swift in Sources */,
				EA6D2B1EE0FCCFA06A3FEECE /* Category.swift in Sources */,
				448D34A4E8FCB151497C6493 /* CategoryRepository.swift in Sources */,
				B944DF09AA57DDDD71828444 /* ColorPalette.swift in Sources */,
				176E20B9BD3F0027DD0DF0ED /* ColumnConfigRepository.swift in Sources */,
				867EF02D2CF1948DC5D684A2 /* ColumnConfigService.swift in Sources */,
				5C1B27B950B0B16E4FAC22B2 /* ColumnConfigurationView.swift in Sources */,
				3F12F1189F35E81DD4F129B0 /* ContentView.swift in Sources */,
				3B410696351A811B358E0796 /* CornerRadius.swift in Sources */,
				463C2EB8E075A1887F4DCF2A /* CustomFieldDefinition.swift in Sources */,
				B8078B49076B6D5E485F684A /* CustomFieldManagementView.swift in Sources */,
				53CBC91BD52726A62A73CA13 /* CustomFieldRepository.swift in Sources */,
				B4B7D4D521DDB60A8830FAD7 /* CustomFieldValue.swift in Sources */,
				4706747940FE55BCE5CBA388 /* DashboardConfigRepository.swift in Sources */,
				DF573472F29E7CE538B78F9A /* DashboardConfigService.swift in Sources */,
				60C09D89A7EDD41AE41B1DDA /* DashboardConfigurationView.swift in Sources */,
				7A1F159F93EF64BC2A9098BB /* DashboardView.swift in Sources */,
				3A56BB133A754EF0D2343FA3 /* DashboardViewModel.swift in Sources */,
				8AEFE08989122E90B76E90FD /* DashboardWidget.swift in Sources */,
				ED549CF766348E27C0A4BD36 /* DataTransferService.swift in Sources */,
				CD151F4BCE19D530B7026332 /* DatabaseManager.swift in Sources */,
				05EBFAFB6AE69F4D57BD3909 /* DateExtensions.swift in Sources */,
				02E2BF9626A5A82CD50BE518 /* DynamicTable.swift in Sources */,
				7FD13523566769F2E15CF82A /* Enums.swift in Sources */,
				34E14C4D6C7E0064828414E3 /* ExportService.swift in Sources */,
				6837B4F706DE3D82D9FD72F1 /* ImageAttachment.swift in Sources */,
				E7B4CD6AFBD109B87A004D97 /* ImageRepository.swift in Sources */,
				B7D576DDF7C1C431F3D83E54 /* ImageService.swift in Sources */,
				2FB97DDA72008BC6CEB21F25 /* ImportMappingService.swift in Sources */,
				54E126B4896BCABB6E8B4308 /* ImportMappingView.swift in Sources */,
				6BA648E445F155ABE785E303 /* ImportProfile.swift in Sources */,
				DE45D5C27D762F3E4936E714 /* ImportProfileRepository.swift in Sources */,
				8561219638AE5F6B5B92D468 /* InventoryView.swift in Sources */,
				7AF38831E75588F64A52E343 /* InventoryViewModel.swift in Sources */,
				DCA70CA82C93BFFBD06CA5FE /* Item.swift in Sources */,
				132222036024150F5F7A4813 /* ItemDetailView.swift in Sources */,
				6A3D1BF452AE8CCA4995BD8E /* ItemDetailViewModel.swift in Sources */,
				02C75DC1D4C28471EF6F9FCE /* ItemRepository.swift in Sources */,
				CDC163FB40290526D2AB5DFF /* MainShellView_iOS.swift in Sources */,
				9159B055DFC7EFFC4205F918 /* Migrations.swift in Sources */,
				1B5B534EFA402D37931DFF86 /* ModelExtensions.swift in Sources */,
				5BE5DD70091C716786C87388 /* Purchase.swift in Sources */,
				85555C3B9AE6FE6AD0492DB7 /* PurchaseRepository.swift in Sources */,
				2A46653B28777C18BAED890F /* PurchasesListView.swift in Sources */,
				20EFA03A01F731C99461E599 /* PurchasesViewModel.swift in Sources */,
				07410D85B842221728B5FD4D /* RecentActivityView.swift in Sources */,
				437FDDC3BEAF5DD6AFC10FC9 /* ResultExtensions.swift in Sources */,
				3ACE87D1946DCCF3AC535A55 /* Sale.swift in Sources */,
				317255142DFA4C7DAEE20823 /* SalesListView.swift in Sources */,
				743DACAB51EA532E7335DA0A /* SalesRepository.swift in Sources */,
				85CDA29445301E55F4F00F74 /* SalesViewModel.swift in Sources */,
				D217260785A9CD04AA704AFF /* SchemaDefinitions.swift in Sources */,
				7650331493A3BB37EEE1ACEB /* SettingsView.swift in Sources */,
				1562910061247450D5012519 /* SettingsViewModel.swift in Sources */,
				05A0142540D8758D3F22851E /* Shadows.swift in Sources */,
				0E9B17D75C5E17369F99F92C /* Spacing.swift in Sources */,
				597F0F69FF90B9C88693D951 /* StockAlertsView.swift in Sources */,
				017C9058BCE2C98C6AC5DF74 /* TableColumnConfig.swift in Sources */,
				CBC2CEF3C1028745F02BD28A /* Theme.swift in Sources */,
				FFE49BFE8F64B41A21727EF7 /* ThemeConfigurator.swift in Sources */,
				2C75E78B0FE5B06EF49CE9A2 /* Typography.swift in Sources */,
				F7F6597355C19AEF33BD3F49 /* UserPreferences.swift in Sources */,
				D045BC46431C866AB5A02F30 /* UserPreferencesRepository.swift in Sources */,
				F256D24701F7E389A81A3A6F /* WidgetCard.swift in Sources */,
			);
			runOnlyForDeploymentPostprocessing = 0;
		};
/* End PBXSourcesBuildPhase section */

/* Begin XCBuildConfiguration section */
		1E33A692D1969608669322EB /* Debug */ = {
			isa = XCBuildConfiguration;
			buildSettings = {
				ALWAYS_SEARCH_USER_PATHS = NO;
				CLANG_ANALYZER_NONNULL = YES;
				CLANG_ANALYZER_NUMBER_OBJECT_CONVERSION = YES_AGGRESSIVE;
				CLANG_CXX_LANGUAGE_STANDARD = "gnu++14";
				CLANG_CXX_LIBRARY = "libc++";
				CLANG_ENABLE_MODULES = YES;
				CLANG_ENABLE_OBJC_ARC = YES;
				CLANG_ENABLE_OBJC_WEAK = YES;
				CLANG_WARN_BLOCK_CAPTURE_AUTORELEASING = YES;
				CLANG_WARN_BOOL_CONVERSION = YES;
				CLANG_WARN_COMMA = YES;
				CLANG_WARN_CONSTANT_CONVERSION = YES;
				CLANG_WARN_DEPRECATED_OBJC_IMPLEMENTATIONS = YES;
				CLANG_WARN_DIRECT_OBJC_ISA_USAGE = YES_ERROR;
				CLANG_WARN_DOCUMENTATION_COMMENTS = YES;
				CLANG_WARN_EMPTY_BODY = YES;
				CLANG_WARN_ENUM_CONVERSION = YES;
				CLANG_WARN_INFINITE_RECURSION = YES;
				CLANG_WARN_INT_CONVERSION = YES;
				CLANG_WARN_NON_LITERAL_NULL_CONVERSION = YES;
				CLANG_WARN_OBJC_IMPLICIT_RETAIN_SELF = YES;
				CLANG_WARN_OBJC_LITERAL_CONVERSION = YES;
				CLANG_WARN_OBJC_ROOT_CLASS = YES_ERROR;
				CLANG_WARN_QUOTED_INCLUDE_IN_FRAMEWORK_HEADER = YES;
				CLANG_WARN_RANGE_LOOP_ANALYSIS = YES;
				CLANG_WARN_STRICT_PROTOTYPES = YES;
				CLANG_WARN_SUSPICIOUS_MOVE = YES;
				CLANG_WARN_UNGUARDED_AVAILABILITY = YES_AGGRESSIVE;
				CLANG_WARN_UNREACHABLE_CODE = YES;
				CLANG_WARN__DUPLICATE_METHOD_MATCH = YES;
				COPY_PHASE_STRIP = NO;
				DEBUG_INFORMATION_FORMAT = dwarf;
				ENABLE_STRICT_OBJC_MSGSEND = YES;
				ENABLE_TESTABILITY = YES;
				GCC_C_LANGUAGE_STANDARD = gnu11;
				GCC_DYNAMIC_NO_PIC = NO;
				GCC_NO_COMMON_BLOCKS = YES;
				GCC_OPTIMIZATION_LEVEL = 0;
				GCC_PREPROCESSOR_DEFINITIONS = (
					"$(inherited)",
					"DEBUG=1",
				);
				GCC_WARN_64_TO_32_BIT_CONVERSION = YES;
				GCC_WARN_ABOUT_RETURN_TYPE = YES_ERROR;
				GCC_WARN_UNDECLARED_SELECTOR = YES;
				GCC_WARN_UNINITIALIZED_AUTOS = YES_AGGRESSIVE;
				GCC_WARN_UNUSED_FUNCTION = YES;
				GCC_WARN_UNUSED_VARIABLE = YES;
				IPHONEOS_DEPLOYMENT_TARGET = 17.0;
				MACOSX_DEPLOYMENT_TARGET = 14.0;
				MTL_ENABLE_DEBUG_INFO = INCLUDE_SOURCE;
				MTL_FAST_MATH = YES;
				ONLY_ACTIVE_ARCH = YES;
				PRODUCT_NAME = "$(TARGET_NAME)";
				SWIFT_ACTIVE_COMPILATION_CONDITIONS = DEBUG;
				SWIFT_OPTIMIZATION_LEVEL = "-Onone";
				SWIFT_VERSION = 5.0;
			};
			name = Debug;
		};
		47212C2970C1A552266585BC /* Release */ = {
			isa = XCBuildConfiguration;
			buildSettings = {
				ALWAYS_SEARCH_USER_PATHS = NO;
				CLANG_ANALYZER_NONNULL = YES;
				CLANG_ANALYZER_NUMBER_OBJECT_CONVERSION = YES_AGGRESSIVE;
				CLANG_CXX_LANGUAGE_STANDARD = "gnu++14";
				CLANG_CXX_LIBRARY = "libc++";
				CLANG_ENABLE_MODULES = YES;
				CLANG_ENABLE_OBJC_ARC = YES;
				CLANG_ENABLE_OBJC_WEAK = YES;
				CLANG_WARN_BLOCK_CAPTURE_AUTORELEASING = YES;
				CLANG_WARN_BOOL_CONVERSION = YES;
				CLANG_WARN_COMMA = YES;
				CLANG_WARN_CONSTANT_CONVERSION = YES;
				CLANG_WARN_DEPRECATED_OBJC_IMPLEMENTATIONS = YES;
				CLANG_WARN_DIRECT_OBJC_ISA_USAGE = YES_ERROR;
				CLANG_WARN_DOCUMENTATION_COMMENTS = YES;
				CLANG_WARN_EMPTY_BODY = YES;
				CLANG_WARN_ENUM_CONVERSION = YES;
				CLANG_WARN_INFINITE_RECURSION = YES;
				CLANG_WARN_INT_CONVERSION = YES;
				CLANG_WARN_NON_LITERAL_NULL_CONVERSION = YES;
				CLANG_WARN_OBJC_IMPLICIT_RETAIN_SELF = YES;
				CLANG_WARN_OBJC_LITERAL_CONVERSION = YES;
				CLANG_WARN_OBJC_ROOT_CLASS = YES_ERROR;
				CLANG_WARN_QUOTED_INCLUDE_IN_FRAMEWORK_HEADER = YES;
				CLANG_WARN_RANGE_LOOP_ANALYSIS = YES;
				CLANG_WARN_STRICT_PROTOTYPES = YES;
				CLANG_WARN_SUSPICIOUS_MOVE = YES;
				CLANG_WARN_UNGUARDED_AVAILABILITY = YES_AGGRESSIVE;
				CLANG_WARN_UNREACHABLE_CODE = YES;
				CLANG_WARN__DUPLICATE_METHOD_MATCH = YES;
				COPY_PHASE_STRIP = NO;
				DEBUG_INFORMATION_FORMAT = "dwarf-with-dsym";
				ENABLE_NS_ASSERTIONS = NO;
				ENABLE_STRICT_OBJC_MSGSEND = YES;
				GCC_C_LANGUAGE_STANDARD = gnu11;
				GCC_NO_COMMON_BLOCKS = YES;
				GCC_WARN_64_TO_32_BIT_CONVERSION = YES;
				GCC_WARN_ABOUT_RETURN_TYPE = YES_ERROR;
				GCC_WARN_UNDECLARED_SELECTOR = YES;
				GCC_WARN_UNINITIALIZED_AUTOS = YES_AGGRESSIVE;
				GCC_WARN_UNUSED_FUNCTION = YES;
				GCC_WARN_UNUSED_VARIABLE = YES;
				IPHONEOS_DEPLOYMENT_TARGET = 17.0;
				MACOSX_DEPLOYMENT_TARGET = 14.0;
				MTL_ENABLE_DEBUG_INFO = NO;
				MTL_FAST_MATH = YES;
				PRODUCT_NAME = "$(TARGET_NAME)";
				SWIFT_COMPILATION_MODE = wholemodule;
				SWIFT_OPTIMIZATION_LEVEL = "-O";
				SWIFT_VERSION = 5.0;
			};
			name = Release;
		};
		487920989F4C1E8F2013902B /* Release */ = {
			isa = XCBuildConfiguration;
			buildSettings = {
				ASSETCATALOG_COMPILER_APPICON_NAME = AppIcon;
				COMBINE_HIDPI_IMAGES = YES;
				CURRENT_PROJECT_VERSION = 1;
				DEBUG_INFORMATION_FORMAT = "dwarf-with-dsym";
				GENERATE_INFOPLIST_FILE = YES;
				INFOPLIST_KEY_CFBundleDisplayName = TBDApp;
				LD_RUNPATH_SEARCH_PATHS = (
					"$(inherited)",
					"@executable_path/../Frameworks",
				);
				MACOSX_DEPLOYMENT_TARGET = 14.0;
				MARKETING_VERSION = 1.0;
				PRODUCT_BUNDLE_IDENTIFIER = "com.tbdapp.TBDApp-macOS";
				PRODUCT_NAME = TBDApp;
				SDKROOT = macosx;
				SWIFT_VERSION = 5.9;
			};
			name = Release;
		};
		9E932CF77BF5CB9E8A94C737 /* Debug */ = {
			isa = XCBuildConfiguration;
			buildSettings = {
				ASSETCATALOG_COMPILER_APPICON_NAME = AppIcon;
				CODE_SIGN_IDENTITY = "iPhone Developer";
				DEBUG_INFORMATION_FORMAT = dwarf;
				GENERATE_INFOPLIST_FILE = YES;
				INFOPLIST_KEY_UILaunchScreen_Generation = YES;
				IPHONEOS_DEPLOYMENT_TARGET = 17.0;
				LD_RUNPATH_SEARCH_PATHS = (
					"$(inherited)",
					"@executable_path/Frameworks",
				);
				PRODUCT_BUNDLE_IDENTIFIER = "com.tbdapp.TBDApp-iOS";
				PRODUCT_NAME = TBDApp;
				SDKROOT = iphoneos;
				SWIFT_VERSION = 5.9;
				TARGETED_DEVICE_FAMILY = "1,2";
			};
			name = Debug;
		};
		B89A7AECA20D07C6BFE02DA8 /* Debug */ = {
			isa = XCBuildConfiguration;
			buildSettings = {
				ASSETCATALOG_COMPILER_APPICON_NAME = AppIcon;
				COMBINE_HIDPI_IMAGES = YES;
				CURRENT_PROJECT_VERSION = 1;
				DEBUG_INFORMATION_FORMAT = dwarf;
				GENERATE_INFOPLIST_FILE = YES;
				INFOPLIST_KEY_CFBundleDisplayName = TBDApp;
				LD_RUNPATH_SEARCH_PATHS = (
					"$(inherited)",
					"@executable_path/../Frameworks",
				);
				MACOSX_DEPLOYMENT_TARGET = 14.0;
				MARKETING_VERSION = 1.0;
				PRODUCT_BUNDLE_IDENTIFIER = "com.tbdapp.TBDApp-macOS";
				PRODUCT_NAME = TBDApp;
				SDKROOT = macosx;
				SWIFT_VERSION = 5.9;
			};
			name = Debug;
		};
		F5E70EC0E2FBDF4B943DB327 /* Release */ = {
			isa = XCBuildConfiguration;
			buildSettings = {
				ASSETCATALOG_COMPILER_APPICON_NAME = AppIcon;
				CODE_SIGN_IDENTITY = "iPhone Developer";
				DEBUG_INFORMATION_FORMAT = "dwarf-with-dsym";
				GENERATE_INFOPLIST_FILE = YES;
				INFOPLIST_KEY_UILaunchScreen_Generation = YES;
				IPHONEOS_DEPLOYMENT_TARGET = 17.0;
				LD_RUNPATH_SEARCH_PATHS = (
					"$(inherited)",
					"@executable_path/Frameworks",
				);
				PRODUCT_BUNDLE_IDENTIFIER = "com.tbdapp.TBDApp-iOS";
				PRODUCT_NAME = TBDApp;
				SDKROOT = iphoneos;
				SWIFT_VERSION = 5.9;
				TARGETED_DEVICE_FAMILY = "1,2";
			};
			name = Release;
		};
/* End XCBuildConfiguration section */

/* Begin XCConfigurationList section */
		0B5508F5869E0AAE5F4D3AB5 /* Build configuration list for PBXNativeTarget "TBDApp_macOS" */ = {
			isa = XCConfigurationList;
			buildConfigurations = (
				B89A7AECA20D07C6BFE02DA8 /* Debug */,
				487920989F4C1E8F2013902B /* Release */,
			);
			defaultConfigurationIsVisible = 0;
			defaultConfigurationName = Debug;
		};
		36549C48354FD9101FCCFF61 /* Build configuration list for PBXProject "TBDApp" */ = {
			isa = XCConfigurationList;
			buildConfigurations = (
				1E33A692D1969608669322EB /* Debug */,
				47212C2970C1A552266585BC /* Release */,
			);
			defaultConfigurationIsVisible = 0;
			defaultConfigurationName = Debug;
		};
		9EE14092DF9B754E283DCEF5 /* Build configuration list for PBXNativeTarget "TBDApp_iOS" */ = {
			isa = XCConfigurationList;
			buildConfigurations = (
				9E932CF77BF5CB9E8A94C737 /* Debug */,
				F5E70EC0E2FBDF4B943DB327 /* Release */,
			);
			defaultConfigurationIsVisible = 0;
			defaultConfigurationName = Debug;
		};
/* End XCConfigurationList section */

/* Begin XCRemoteSwiftPackageReference section */
		30DD0117F7482B69FCD07210 /* XCRemoteSwiftPackageReference "GRDB.swift" */ = {
			isa = XCRemoteSwiftPackageReference;
			repositoryURL = "https://github.com/groue/GRDB.swift.git";
			requirement = {
				kind = upToNextMajorVersion;
				minimumVersion = 6.0.0;
			};
		};
/* End XCRemoteSwiftPackageReference section */

/* Begin XCSwiftPackageProductDependency section */
		02C189662C4EA59D292AAE34 /* GRDB */ = {
			isa = XCSwiftPackageProductDependency;
			package = 30DD0117F7482B69FCD07210 /* XCRemoteSwiftPackageReference "GRDB.swift" */;
			productName = GRDB;
		};
		903562DCF264653ECAE50131 /* GRDB */ = {
			isa = XCSwiftPackageProductDependency;
			package = 30DD0117F7482B69FCD07210 /* XCRemoteSwiftPackageReference "GRDB.swift" */;
			productName = GRDB;
		};
/* End XCSwiftPackageProductDependency section */
	};
	rootObject = 00A5BF12746CCF1FA00997B6 /* Project object */;
}
